
Microsoft Visual Studio Solution File, Format Version 12.00
# Visual Studio 2013
VisualStudioVersion = 12.0.21005.1
MinimumVisualStudioVersion = 10.0.40219.1
Project("{FAE04EC0-301F-11D3-BF4B-00C04F79EFBC}") = "ActiveCommerce.GiftMessage", "ActiveCommerce.GiftMessage\ActiveCommerce.GiftMessage.csproj", "{3A54DA18-E97E-4B22-945F-13A237A38C24}"
EndProject
Project("{CAA73BB0-EF22-4D79-A57E-DF67B3BA9C80}") = "ActiveCommerce.GiftMessage.Sitecore", "ActiveCommerce.GiftMessage.Sitecore\ActiveCommerce.GiftMessage.Sitecore.scproj", "{C6180ADD-B9C9-450F-8803-A09EC03FC2B8}"
EndProject
Project("{FAE04EC0-301F-11D3-BF4B-00C04F79EFBC}") = "ActiveCommerce.Training.HelloWorld", "ActiveCommerce.Training.HelloWorld\ActiveCommerce.Training.HelloWorld.csproj", "{90E992F0-EAAA-41E4-A222-C379AD8E17AF}"
EndProject
Project("{CAA73BB0-EF22-4D79-A57E-DF67B3BA9C80}") = "ActiveCommerce.Training.HelloWorld.Sitecore", "ActiveCommerce.Training.HelloWorld.Sitecore\ActiveCommerce.Training.HelloWorld.Sitecore.scproj", "{3777FE37-010A-4A12-B29C-654F5F95C067}"
EndProject
Project("{FAE04EC0-301F-11D3-BF4B-00C04F79EFBC}") = "ActiveCommerce.Training.ShippingIntegration", "ActiveCommerce.Training.ShippingIntegration\ActiveCommerce.Training.ShippingIntegration.csproj", "{7F1C47FF-F16C-42E8-9262-3F9AF156B1BA}"
EndProject
Project("{CAA73BB0-EF22-4D79-A57E-DF67B3BA9C80}") = "ActiveCommerce.Training.ShippingIntegration.Sitecore", "ActiveCommerce.Training.ShippingIntegration.Sitecore\ActiveCommerce.Training.ShippingIntegration.Sitecore.scproj", "{F74BEAB2-A36B-473A-82C4-366FC817260B}"
EndProject
Project("{FAE04EC0-301F-11D3-BF4B-00C04F79EFBC}") = "ActiveCommerce.Training.Web", "ActiveCommerce.Training.Web\ActiveCommerce.Training.Web.csproj", "{0E21B3B1-03F5-44E7-B498-E5F19BD785E6}"
EndProject
Project("{CAA73BB0-EF22-4D79-A57E-DF67B3BA9C80}") = "ActiveCommerce.Training.Web.Sitecore", "ActiveCommerce.Training.Sitecore\ActiveCommerce.Training.Web.Sitecore.scproj", "{C4BDDC75-0FC7-44E0-9D82-01D8419E57DD}"
EndProject
Project("{FAE04EC0-301F-11D3-BF4B-00C04F79EFBC}") = "ActiveCommerce.Training.ProductImport", "ActiveCommerce.Training.ProductImport\ActiveCommerce.Training.ProductImport.csproj", "{CAFD761C-A3D1-4089-9BBC-C0DF64E2F053}"
EndProject
Project("{CAA73BB0-EF22-4D79-A57E-DF67B3BA9C80}") = "ActiveCommerce.Training.ProductImport.Sitecore", "ActiveCommerce.Training.ProductImport.Sitecore\ActiveCommerce.Training.ProductImport.Sitecore.scproj", "{6CDABC44-A83F-4F00-B60F-3DF0EAFEE7D1}"
EndProject
Project("{FAE04EC0-301F-11D3-BF4B-00C04F79EFBC}") = "ActiveCommerce.Training.ProductStockUpdate", "ActiveCommerce.Training.ProductStockUpdate\ActiveCommerce.Training.ProductStockUpdate.csproj", "{ABC8DE14-1D71-4519-ADC3-897AABB646FC}"
EndProject
Project("{CAA73BB0-EF22-4D79-A57E-DF67B3BA9C80}") = "ActiveCommerce.Training.ProductStockUpdate.Sitecore", "ActiveCommerce.Training.ProductStockUpdate.Sitecore\ActiveCommerce.Training.ProductStockUpdate.Sitecore.scproj", "{82277C38-DC1B-46AC-A4D9-9BF52E2CD63A}"
EndProject
Project("{FAE04EC0-301F-11D3-BF4B-00C04F79EFBC}") = "ActiveCommerce.Training.RealTimePricing", "ActiveCommerce.Training.RealTimePricing\ActiveCommerce.Training.RealTimePricing.csproj", "{FC7A98F1-83E7-4F72-AE0B-2EA93320C184}"
EndProject
Project("{CAA73BB0-EF22-4D79-A57E-DF67B3BA9C80}") = "ActiveCommerce.Training.RealTimePricing.Sitecore", "ActiveCommerce.Training.RealTimePricing.Sitecore\ActiveCommerce.Training.RealTimePricing.Sitecore.scproj", "{271F1EAB-3A4A-4848-BB92-5530346C2A06}"
EndProject
Project("{FAE04EC0-301F-11D3-BF4B-00C04F79EFBC}") = "ActiveCommerce.Training.RealTimeStock", "ActiveCommerce.Training.RealTimeStock\ActiveCommerce.Training.RealTimeStock.csproj", "{1AC6AFCA-FFB8-47CD-9268-C43F3112E1FE}"
EndProject
Project("{CAA73BB0-EF22-4D79-A57E-DF67B3BA9C80}") = "ActiveCommerce.Training.RealTimeStock.Sitecore", "ActiveCommerce.Training.RealTimeStock.Sitecore\ActiveCommerce.Training.RealTimeStock.Sitecore.scproj", "{4544E761-477B-4B6E-9777-F158E59B6DE0}"
EndProject
Project("{FAE04EC0-301F-11D3-BF4B-00C04F79EFBC}") = "ActiveCommerce.Training.OrderProcessing", "ActiveCommerce.Training.OrderProcessing\ActiveCommerce.Training.OrderProcessing.csproj", "{091E2482-60C8-4C79-885F-60F3FD70A757}"
EndProject
Project("{CAA73BB0-EF22-4D79-A57E-DF67B3BA9C80}") = "ActiveCommerce.Training.OrderProcessing.Sitecore", "ActiveCommerce.Training.OrderProcessing.Sitecore\ActiveCommerce.Training.OrderProcessing.Sitecore.scproj", "{31C54C98-3537-44EC-97F7-271CB5D81756}"
EndProject
Project("{FAE04EC0-301F-11D3-BF4B-00C04F79EFBC}") = "ActiveCommerce.Training.ProductQuantity", "ActiveCommerce.Training.ProductQuantity\ActiveCommerce.Training.ProductQuantity.csproj", "{6B928093-CBD8-478C-9E23-B261207AF51B}"
EndProject
Project("{CAA73BB0-EF22-4D79-A57E-DF67B3BA9C80}") = "ActiveCommerce.Training.ProductQuantity.Sitecore", "ActiveCommerce.Training.ProductQuantity.Sitecore\ActiveCommerce.Training.ProductQuantity.Sitecore.scproj", "{C3C538A8-E85B-454A-B026-7C403ABA7E23}"
EndProject
Project("{FAE04EC0-301F-11D3-BF4B-00C04F79EFBC}") = "ActiveCommerce.Training.CustomProduct", "ActiveCommerce.Training.CustomProduct\ActiveCommerce.Training.CustomProduct.csproj", "{F9F90868-227E-4AE4-85D0-AB78C8AB3AD4}"
EndProject
Project("{CAA73BB0-EF22-4D79-A57E-DF67B3BA9C80}") = "ActiveCommerce.Training.CustomProduct.Sitecore", "ActiveCommerce.Training.CustomProduct.Sitecore\ActiveCommerce.Training.CustomProduct.Sitecore.scproj", "{116A733E-0E3B-433C-9C08-90625CD85F9D}"
EndProject
Project("{FAE04EC0-301F-11D3-BF4B-00C04F79EFBC}") = "ActiveCommerce.Training.ProductDataProvider", "ActiveCommerce.Training.ProductDataProvider\ActiveCommerce.Training.ProductDataProvider.csproj", "{04480EC3-82BF-4B30-909E-27C25740AED8}"
EndProject
Project("{CAA73BB0-EF22-4D79-A57E-DF67B3BA9C80}") = "ActiveCommerce.Training.ProductDataProvider.Sitecore", "ActiveCommerce.Training.ProductDataProvider.Sitecore\ActiveCommerce.Training.ProductDataProvider.Sitecore.scproj", "{293385EA-538A-4E93-BE1A-FB5F5C7E1E43}"
EndProject
Project("{FAE04EC0-301F-11D3-BF4B-00C04F79EFBC}") = "ActiveCommerce.Training.ComparePrice", "ActiveCommerce.Training.ComparePrice\ActiveCommerce.Training.ComparePrice.csproj", "{353A1237-3E0C-41C6-BED3-A9F1138EBCFD}"
EndProject
Project("{CAA73BB0-EF22-4D79-A57E-DF67B3BA9C80}") = "ActiveCommerce.Training.ComparePrice.Sitecore", "ActiveCommerce.Training.ComparePrice.Sitecore\ActiveCommerce.Training.ComparePrice.Sitecore.scproj", "{769EF5DB-D919-42D6-A050-28B373CFFD3A}"
EndProject
Project("{FAE04EC0-301F-11D3-BF4B-00C04F79EFBC}") = "ActiveCommerce.Training.TaxCalculator", "ActiveCommerce.Training.TaxCalculator\ActiveCommerce.Training.TaxCalculator.csproj", "{EB0B46F3-4142-4C37-9D7B-C96DDB61675A}"
EndProject
Project("{CAA73BB0-EF22-4D79-A57E-DF67B3BA9C80}") = "ActiveCommerce.Training.TaxCalculator.Sitecore", "ActiveCommerce.Training.TaxCalculator.Sitecore\ActiveCommerce.Training.TaxCalculator.Sitecore.scproj", "{5B4E3955-B66F-4A7A-BC83-45D8A66BEC5C}"
EndProject
Project("{FAE04EC0-301F-11D3-BF4B-00C04F79EFBC}") = "ActiveCommerce.Training.OrderBatching", "ActiveCommerce.Training.OrderBatching\ActiveCommerce.Training.OrderBatching.csproj", "{7AB786B6-85E8-4630-A2DE-C368A0CBBC53}"
EndProject
Project("{CAA73BB0-EF22-4D79-A57E-DF67B3BA9C80}") = "ActiveCommerce.Training.OrderBatching.Sitecore", "ActiveCommerce.Training.OrderBatching.Sitecore\ActiveCommerce.Training.OrderBatching.Sitecore.scproj", "{44DDA5DC-4CE5-4FB4-B460-EBEE288E5066}"
EndProject
Project("{FAE04EC0-301F-11D3-BF4B-00C04F79EFBC}") = "ActiveCommerce.Training.OrderUpdate", "ActiveCommerce.Training.OrderUpdate\ActiveCommerce.Training.OrderUpdate.csproj", "{69803961-0063-458E-A973-0571964E9B10}"
EndProject
Project("{CAA73BB0-EF22-4D79-A57E-DF67B3BA9C80}") = "ActiveCommerce.Training.OrderUpdate.Sitecore", "ActiveCommerce.Training.OrderUpdate.Sitecore\ActiveCommerce.Training.OrderUpdate.Sitecore.scproj", "{4E63C1DA-EF55-4B1C-8CBC-0EE075B3F529}"
EndProject
Project("{FAE04EC0-301F-11D3-BF4B-00C04F79EFBC}") = "ActiveCommerce.Training.OrderExtension", "ActiveCommerce.Training.OrderExtension\ActiveCommerce.Training.OrderExtension.csproj", "{AD417FFE-6894-4044-8B47-95D2BCA95344}"
EndProject
Project("{CAA73BB0-EF22-4D79-A57E-DF67B3BA9C80}") = "ActiveCommerce.Training.OrderExtension.Sitecore", "ActiveCommerce.Training.OrderExtension.Sitecore\ActiveCommerce.Training.OrderExtension.Sitecore.scproj", "{EDF173F0-7D1F-4F95-9847-F50C98E6B2C5}"
EndProject
Project("{FAE04EC0-301F-11D3-BF4B-00C04F79EFBC}") = "ActiveCommerce.Training.CustomCategory", "ActiveCommerce.Training.CustomCategory\ActiveCommerce.Training.CustomCategory.csproj", "{2E2A1E99-857C-475E-94E0-084D53ADE712}"
EndProject
Project("{CAA73BB0-EF22-4D79-A57E-DF67B3BA9C80}") = "ActiveCommerce.Training.CustomCategory.Sitecore", "ActiveCommerce.Training.CustomCategory.Sitecore\ActiveCommerce.Training.CustomCategory.Sitecore.scproj", "{F9E3A877-697C-4392-B135-AE020A2203D7}"
EndProject
Project("{FAE04EC0-301F-11D3-BF4B-00C04F79EFBC}") = "ActiveCommerce.Training.PriceRules", "ActiveCommerce.Training.PriceRules\ActiveCommerce.Training.PriceRules.csproj", "{30508475-7050-46AD-8300-A2AC85252DA4}"
EndProject
Project("{CAA73BB0-EF22-4D79-A57E-DF67B3BA9C80}") = "ActiveCommerce.Training.PriceRules.Sitecore", "ActiveCommerce.Training.PriceRules.Sitecore\ActiveCommerce.Training.PriceRules.Sitecore.scproj", "{5A85C68F-9F00-4B28-ACCC-5545B09C7EA4}"
EndProject
Project("{FAE04EC0-301F-11D3-BF4B-00C04F79EFBC}") = "ActiveCommerce.Training.CartPersistence", "ActiveCommerce.Training.CartPersistence\ActiveCommerce.Training.CartPersistence.csproj", "{66B2B39E-ECCC-4F3F-A77F-BC3B5DA8D7B6}"
EndProject
Project("{CAA73BB0-EF22-4D79-A57E-DF67B3BA9C80}") = "ActiveCommerce.Training.CartPersistence.Sitecore", "ActiveCommerce.Training.CartPersistence.Sitecore\ActiveCommerce.Training.CartPersistence.Sitecore.scproj", "{EB673097-3FE9-42BB-B741-5E297CFB1125}"
EndProject
Project("{CAA73BB0-EF22-4D79-A57E-DF67B3BA9C80}") = "ActiveCommerce.Training.CartPersistence.Sitecore.Core", "ActiveCommerce.Training.CartPersistence.Sitecore.Core\ActiveCommerce.Training.CartPersistence.Sitecore.Core.scproj", "{C713FB8F-B1ED-4559-BED3-F6A38DD79986}"
EndProject
Project("{FAE04EC0-301F-11D3-BF4B-00C04F79EFBC}") = "ActiveCommerce.Training.InvoicePayment", "ActiveCommerce.Training.InvoicePayment\ActiveCommerce.Training.InvoicePayment.csproj", "{D0E25F60-1148-456E-A9B7-EB37F87AB2EE}"
EndProject
Project("{CAA73BB0-EF22-4D79-A57E-DF67B3BA9C80}") = "ActiveCommerce.Training.InvoicePayment.Sitecore", "ActiveCommerce.Training.InvoicePayment.Sitecore\ActiveCommerce.Training.InvoicePayment.Sitecore.scproj", "{B12B1ABE-54F8-4A45-93EC-676609861E92}"
EndProject
Project("{FAE04EC0-301F-11D3-BF4B-00C04F79EFBC}") = "ActiveCommerce.Training.CustomerInfo", "ActiveCommerce.Training.CustomerInfo\ActiveCommerce.Training.CustomerInfo.csproj", "{CB01D210-1C6A-4C65-B8FE-4372F09C1F5A}"
EndProject
Project("{CAA73BB0-EF22-4D79-A57E-DF67B3BA9C80}") = "ActiveCommerce.Training.CustomerInfo.Sitecore", "ActiveCommerce.Training.CustomerInfo.Sitecore\ActiveCommerce.Training.CustomerInfo.Sitecore.scproj", "{25F08752-FA8C-4F2D-BB98-C4E4A2EDB18E}"
EndProject
Project("{CAA73BB0-EF22-4D79-A57E-DF67B3BA9C80}") = "ActiveCommerce.Training.CustomerInfo.Sitecore.Core", "ActiveCommerce.Training.CustomerInfo.Sitecore.Core\ActiveCommerce.Training.CustomerInfo.Sitecore.Core.scproj", "{FE011B8B-B1E4-406F-9205-8B8FDB13F969}"
EndProject
Project("{2150E333-8FDC-42A3-9474-1A3956D46DE8}") = "README", "README", "{27BC9E23-6B74-4684-9EB8-3B4236E5C928}"
	ProjectSection(SolutionItems) = preProject
		..\README.md = ..\README.md
	EndProjectSection
EndProject
Project("{FAE04EC0-301F-11D3-BF4B-00C04F79EFBC}") = "ActiveCommerce.Training.ProductUrl", "ActiveCommerce.Training.ProductUrl\ActiveCommerce.Training.ProductUrl.csproj", "{674C84ED-28F1-4F0A-BC50-83139C8EBD9B}"
EndProject
Project("{2150E333-8FDC-42A3-9474-1A3956D46DE8}") = ".tds", ".tds", "{E6C22CCF-E9A5-44C4-A761-4E9E749447E4}"
	ProjectSection(SolutionItems) = preProject
		TdsGlobal.config = TdsGlobal.config
	EndProjectSection
EndProject
Project("{CAA73BB0-EF22-4D79-A57E-DF67B3BA9C80}") = "ActiveCommerce.Training.ProductUrl.Sitecore", "ActiveCommerce.Training.ProductUrl.Sitecore\ActiveCommerce.Training.ProductUrl.Sitecore.scproj", "{AC53D493-3858-4353-AD3C-34AB7790EFA7}"
EndProject
Project("{FAE04EC0-301F-11D3-BF4B-00C04F79EFBC}") = "ActiveCommerce.Training.Discounts", "ActiveCommerce.Training.Discounts\ActiveCommerce.Training.Discounts.csproj", "{E817400C-4DB4-430A-AE7C-C5C26FC4FA9F}"
EndProject
Project("{CAA73BB0-EF22-4D79-A57E-DF67B3BA9C80}") = "ActiveCommerce.Training.Discounts.Sitecore", "ActiveCommerce.Training.Discounts.Sitecore\ActiveCommerce.Training.Discounts.Sitecore.scproj", "{D9787397-BCD6-4B49-ACF7-FAE14209F215}"
EndProject
Project("{FAE04EC0-301F-11D3-BF4B-00C04F79EFBC}") = "ActiveCommerce.Training.CheckoutViaApi", "ActiveCommerce.Training.CheckoutViaApi\ActiveCommerce.Training.CheckoutViaApi.csproj", "{BCB0E13A-63C3-4C43-B5EA-BCD396551A96}"
EndProject
Project("{CAA73BB0-EF22-4D79-A57E-DF67B3BA9C80}") = "ActiveCommerce.Training.CheckoutViaApi.Sitecore", "ActiveCommerce.Training.CheckoutViaApi.Sitecore\ActiveCommerce.Training.CheckoutViaApi.Sitecore.scproj", "{70D60DE8-3388-4890-BD6A-0F4B2489F73B}"
EndProject
Project("{FAE04EC0-301F-11D3-BF4B-00C04F79EFBC}") = "ActiveCommerce.Training.SimpleReviews", "ActiveCommerce.Training.SimpleReviews\ActiveCommerce.Training.SimpleReviews.csproj", "{710F1C37-F24F-4AD8-9FB7-BD76AB38F3E9}"
EndProject
Project("{CAA73BB0-EF22-4D79-A57E-DF67B3BA9C80}") = "ActiveCommerce.Training.SimpleReviews.Sitecore", "ActiveCommerce.Training.SimpleReviews.Sitecore\ActiveCommerce.Training.SimpleReviews.Sitecore.scproj", "{52F653CF-7FDD-4AB8-B463-9C17C1B5D6D0}"
EndProject
Project("{FAE04EC0-301F-11D3-BF4B-00C04F79EFBC}") = "ActiveCommerce.Training.ProductStockExtension", "ActiveCommerce.Training.ProductStockExtension\ActiveCommerce.Training.ProductStockExtension.csproj", "{ECCC0EFE-FABA-4860-943C-301BD46FC32E}"
EndProject
Project("{FAE04EC0-301F-11D3-BF4B-00C04F79EFBC}") = "ActiveCommerce.Training.CoveoSearch", "ActiveCommerce.Training.CoveoSearch\ActiveCommerce.Training.CoveoSearch.csproj", "{BB9D4C0B-52E9-4024-8FB1-8FA768FDAD73}"
EndProject
Project("{CAA73BB0-EF22-4D79-A57E-DF67B3BA9C80}") = "ActiveCommerce.Training.ProductStockExtension.Sitecore", "ActiveCommerce.Training.ProductStockExtension.Sitecore\ActiveCommerce.Training.ProductStockExtension.Sitecore.scproj", "{D0D0D97F-508C-4894-BFAC-7DE090AC9E04}"
EndProject
Project("{CAA73BB0-EF22-4D79-A57E-DF67B3BA9C80}") = "ActiveCommerce.Training.CoveoSearch.Sitecore", "ActiveCommerce.Training.CoveoSearch.Sitecore\ActiveCommerce.Training.CoveoSearch.Sitecore.scproj", "{414C7375-F563-49CB-A5B5-3AC35AE97D04}"
EndProject
Project("{FAE04EC0-301F-11D3-BF4B-00C04F79EFBC}") = "ActiveCommerce.Training.OnsitePayment", "ActiveCommerce.Training.OnsitePayment\ActiveCommerce.Training.OnsitePayment.csproj", "{A096D5F4-E4A2-43B5-86AA-A6988ADE732E}"
EndProject
Project("{CAA73BB0-EF22-4D79-A57E-DF67B3BA9C80}") = "ActiveCommerce.Training.OnsitePayment.Sitecore", "ActiveCommerce.Training.OnsitePayment.Sitecore\ActiveCommerce.Training.OnsitePayment.Sitecore.scproj", "{B585A80A-E3DD-4140-970E-3DF1EE7159AD}"
EndProject
Project("{FAE04EC0-301F-11D3-BF4B-00C04F79EFBC}") = "ActiveCommerce.Training.TaxRateProvider", "ActiveCommerce.Training.TaxRateProvider\ActiveCommerce.Training.TaxRateProvider.csproj", "{7CFEC7DC-532B-410C-92C1-D45A4B3E7A0A}"
EndProject
Project("{CAA73BB0-EF22-4D79-A57E-DF67B3BA9C80}") = "ActiveCommerce.Training.TaxRateProvider.Sitecore", "ActiveCommerce.Training.TaxRateProvider.Sitecore\ActiveCommerce.Training.TaxRateProvider.Sitecore.scproj", "{F3DFADCE-6A3C-4FD8-8721-143C914D1E1D}"
EndProject
Project("{FAE04EC0-301F-11D3-BF4B-00C04F79EFBC}") = "ActiveCommerce.Training.AddressValidator", "ActiveCommerce.Training.AddressValidator\ActiveCommerce.Training.AddressValidator.csproj", "{17849E1F-8282-4DDD-A55D-03EEFADE28A4}"
EndProject
Project("{CAA73BB0-EF22-4D79-A57E-DF67B3BA9C80}") = "ActiveCommerce.Training.AddressValidator.Sitecore", "ActiveCommerce.Training.AddressValidator.Sitecore\ActiveCommerce.Training.AddressValidator.Sitecore.scproj", "{322A4075-14E8-40DE-99D6-7DF9286F12E4}"
EndProject
Project("{FAE04EC0-301F-11D3-BF4B-00C04F79EFBC}") = "ActiveCommerce.Training.OrderRepository", "ActiveCommerce.Training.OrderRepository\ActiveCommerce.Training.OrderRepository.csproj", "{B7364553-A1B7-4D63-AFD4-411C8F065894}"
EndProject
Project("{CAA73BB0-EF22-4D79-A57E-DF67B3BA9C80}") = "ActiveCommerce.Training.OrderRepository.Sitecore", "ActiveCommerce.Training.OrderRepository.Sitecore\ActiveCommerce.Training.OrderRepository.Sitecore.scproj", "{C3F871B7-8707-45B9-88B0-AD0A67703316}"
EndProject
Global
	GlobalSection(SolutionConfigurationPlatforms) = preSolution
		Day1|Any CPU = Day1|Any CPU
		Debug|Any CPU = Debug|Any CPU
		Debug-SC7|Any CPU = Debug-SC7|Any CPU
		Release|Any CPU = Release|Any CPU
	EndGlobalSection
	GlobalSection(ProjectConfigurationPlatforms) = postSolution
		{3A54DA18-E97E-4B22-945F-13A237A38C24}.Day1|Any CPU.ActiveCfg = Day1|Any CPU
		{3A54DA18-E97E-4B22-945F-13A237A38C24}.Debug|Any CPU.ActiveCfg = Debug|Any CPU
		{3A54DA18-E97E-4B22-945F-13A237A38C24}.Debug-SC7|Any CPU.ActiveCfg = Debug|Any CPU
		{3A54DA18-E97E-4B22-945F-13A237A38C24}.Debug-SC7|Any CPU.Build.0 = Debug|Any CPU
		{3A54DA18-E97E-4B22-945F-13A237A38C24}.Release|Any CPU.ActiveCfg = Release|Any CPU
		{3A54DA18-E97E-4B22-945F-13A237A38C24}.Release|Any CPU.Build.0 = Release|Any CPU
		{C6180ADD-B9C9-450F-8803-A09EC03FC2B8}.Day1|Any CPU.ActiveCfg = Day1|Any CPU
		{C6180ADD-B9C9-450F-8803-A09EC03FC2B8}.Debug|Any CPU.ActiveCfg = Debug|Any CPU
		{C6180ADD-B9C9-450F-8803-A09EC03FC2B8}.Debug-SC7|Any CPU.ActiveCfg = Debug|Any CPU
		{C6180ADD-B9C9-450F-8803-A09EC03FC2B8}.Debug-SC7|Any CPU.Build.0 = Debug|Any CPU
		{C6180ADD-B9C9-450F-8803-A09EC03FC2B8}.Debug-SC7|Any CPU.Deploy.0 = Debug|Any CPU
		{C6180ADD-B9C9-450F-8803-A09EC03FC2B8}.Release|Any CPU.ActiveCfg = Release|Any CPU
		{C6180ADD-B9C9-450F-8803-A09EC03FC2B8}.Release|Any CPU.Build.0 = Release|Any CPU
		{C6180ADD-B9C9-450F-8803-A09EC03FC2B8}.Release|Any CPU.Deploy.0 = Release|Any CPU
		{90E992F0-EAAA-41E4-A222-C379AD8E17AF}.Day1|Any CPU.ActiveCfg = Day1|Any CPU
		{90E992F0-EAAA-41E4-A222-C379AD8E17AF}.Debug|Any CPU.ActiveCfg = Debug|Any CPU
		{90E992F0-EAAA-41E4-A222-C379AD8E17AF}.Debug-SC7|Any CPU.ActiveCfg = Debug|Any CPU
		{90E992F0-EAAA-41E4-A222-C379AD8E17AF}.Debug-SC7|Any CPU.Build.0 = Debug|Any CPU
		{90E992F0-EAAA-41E4-A222-C379AD8E17AF}.Release|Any CPU.ActiveCfg = Release|Any CPU
		{90E992F0-EAAA-41E4-A222-C379AD8E17AF}.Release|Any CPU.Build.0 = Release|Any CPU
		{3777FE37-010A-4A12-B29C-654F5F95C067}.Day1|Any CPU.ActiveCfg = Day1|Any CPU
		{3777FE37-010A-4A12-B29C-654F5F95C067}.Debug|Any CPU.ActiveCfg = Debug|Any CPU
		{3777FE37-010A-4A12-B29C-654F5F95C067}.Debug-SC7|Any CPU.ActiveCfg = Debug|Any CPU
		{3777FE37-010A-4A12-B29C-654F5F95C067}.Debug-SC7|Any CPU.Build.0 = Debug|Any CPU
		{3777FE37-010A-4A12-B29C-654F5F95C067}.Debug-SC7|Any CPU.Deploy.0 = Debug|Any CPU
		{3777FE37-010A-4A12-B29C-654F5F95C067}.Release|Any CPU.ActiveCfg = Release|Any CPU
		{3777FE37-010A-4A12-B29C-654F5F95C067}.Release|Any CPU.Build.0 = Release|Any CPU
		{3777FE37-010A-4A12-B29C-654F5F95C067}.Release|Any CPU.Deploy.0 = Release|Any CPU
		{7F1C47FF-F16C-42E8-9262-3F9AF156B1BA}.Day1|Any CPU.ActiveCfg = Day1|Any CPU
		{7F1C47FF-F16C-42E8-9262-3F9AF156B1BA}.Debug|Any CPU.ActiveCfg = Debug|Any CPU
		{7F1C47FF-F16C-42E8-9262-3F9AF156B1BA}.Debug-SC7|Any CPU.ActiveCfg = Debug|Any CPU
		{7F1C47FF-F16C-42E8-9262-3F9AF156B1BA}.Debug-SC7|Any CPU.Build.0 = Debug|Any CPU
		{7F1C47FF-F16C-42E8-9262-3F9AF156B1BA}.Release|Any CPU.ActiveCfg = Release|Any CPU
		{7F1C47FF-F16C-42E8-9262-3F9AF156B1BA}.Release|Any CPU.Build.0 = Release|Any CPU
		{F74BEAB2-A36B-473A-82C4-366FC817260B}.Day1|Any CPU.ActiveCfg = Day1|Any CPU
		{F74BEAB2-A36B-473A-82C4-366FC817260B}.Debug|Any CPU.ActiveCfg = Debug|Any CPU
		{F74BEAB2-A36B-473A-82C4-366FC817260B}.Debug-SC7|Any CPU.ActiveCfg = Debug|Any CPU
		{F74BEAB2-A36B-473A-82C4-366FC817260B}.Debug-SC7|Any CPU.Build.0 = Debug|Any CPU
		{F74BEAB2-A36B-473A-82C4-366FC817260B}.Debug-SC7|Any CPU.Deploy.0 = Debug|Any CPU
		{F74BEAB2-A36B-473A-82C4-366FC817260B}.Release|Any CPU.ActiveCfg = Release|Any CPU
		{F74BEAB2-A36B-473A-82C4-366FC817260B}.Release|Any CPU.Build.0 = Release|Any CPU
		{F74BEAB2-A36B-473A-82C4-366FC817260B}.Release|Any CPU.Deploy.0 = Release|Any CPU
		{0E21B3B1-03F5-44E7-B498-E5F19BD785E6}.Day1|Any CPU.ActiveCfg = Day1|Any CPU
		{0E21B3B1-03F5-44E7-B498-E5F19BD785E6}.Day1|Any CPU.Build.0 = Day1|Any CPU
		{0E21B3B1-03F5-44E7-B498-E5F19BD785E6}.Debug|Any CPU.ActiveCfg = Debug|Any CPU
		{0E21B3B1-03F5-44E7-B498-E5F19BD785E6}.Debug-SC7|Any CPU.ActiveCfg = Debug|Any CPU
		{0E21B3B1-03F5-44E7-B498-E5F19BD785E6}.Debug-SC7|Any CPU.Build.0 = Debug|Any CPU
		{0E21B3B1-03F5-44E7-B498-E5F19BD785E6}.Release|Any CPU.ActiveCfg = Release|Any CPU
		{0E21B3B1-03F5-44E7-B498-E5F19BD785E6}.Release|Any CPU.Build.0 = Release|Any CPU
		{C4BDDC75-0FC7-44E0-9D82-01D8419E57DD}.Day1|Any CPU.ActiveCfg = Day1|Any CPU
		{C4BDDC75-0FC7-44E0-9D82-01D8419E57DD}.Day1|Any CPU.Build.0 = Day1|Any CPU
		{C4BDDC75-0FC7-44E0-9D82-01D8419E57DD}.Day1|Any CPU.Deploy.0 = Day1|Any CPU
		{C4BDDC75-0FC7-44E0-9D82-01D8419E57DD}.Debug|Any CPU.ActiveCfg = Debug|Any CPU
		{C4BDDC75-0FC7-44E0-9D82-01D8419E57DD}.Debug-SC7|Any CPU.ActiveCfg = Debug|Any CPU
		{C4BDDC75-0FC7-44E0-9D82-01D8419E57DD}.Debug-SC7|Any CPU.Build.0 = Debug|Any CPU
		{C4BDDC75-0FC7-44E0-9D82-01D8419E57DD}.Debug-SC7|Any CPU.Deploy.0 = Debug|Any CPU
		{C4BDDC75-0FC7-44E0-9D82-01D8419E57DD}.Release|Any CPU.ActiveCfg = Release|Any CPU
		{C4BDDC75-0FC7-44E0-9D82-01D8419E57DD}.Release|Any CPU.Build.0 = Release|Any CPU
		{C4BDDC75-0FC7-44E0-9D82-01D8419E57DD}.Release|Any CPU.Deploy.0 = Release|Any CPU
		{CAFD761C-A3D1-4089-9BBC-C0DF64E2F053}.Day1|Any CPU.ActiveCfg = Day1|Any CPU
		{CAFD761C-A3D1-4089-9BBC-C0DF64E2F053}.Debug|Any CPU.ActiveCfg = Debug|Any CPU
		{CAFD761C-A3D1-4089-9BBC-C0DF64E2F053}.Debug-SC7|Any CPU.ActiveCfg = Debug|Any CPU
		{CAFD761C-A3D1-4089-9BBC-C0DF64E2F053}.Debug-SC7|Any CPU.Build.0 = Debug|Any CPU
		{CAFD761C-A3D1-4089-9BBC-C0DF64E2F053}.Release|Any CPU.ActiveCfg = Release|Any CPU
		{CAFD761C-A3D1-4089-9BBC-C0DF64E2F053}.Release|Any CPU.Build.0 = Release|Any CPU
		{6CDABC44-A83F-4F00-B60F-3DF0EAFEE7D1}.Day1|Any CPU.ActiveCfg = Day1|Any CPU
		{6CDABC44-A83F-4F00-B60F-3DF0EAFEE7D1}.Debug|Any CPU.ActiveCfg = Debug|Any CPU
		{6CDABC44-A83F-4F00-B60F-3DF0EAFEE7D1}.Debug-SC7|Any CPU.ActiveCfg = Debug|Any CPU
		{6CDABC44-A83F-4F00-B60F-3DF0EAFEE7D1}.Debug-SC7|Any CPU.Build.0 = Debug|Any CPU
		{6CDABC44-A83F-4F00-B60F-3DF0EAFEE7D1}.Debug-SC7|Any CPU.Deploy.0 = Debug|Any CPU
		{6CDABC44-A83F-4F00-B60F-3DF0EAFEE7D1}.Release|Any CPU.ActiveCfg = Release|Any CPU
		{6CDABC44-A83F-4F00-B60F-3DF0EAFEE7D1}.Release|Any CPU.Build.0 = Release|Any CPU
		{6CDABC44-A83F-4F00-B60F-3DF0EAFEE7D1}.Release|Any CPU.Deploy.0 = Release|Any CPU
		{ABC8DE14-1D71-4519-ADC3-897AABB646FC}.Day1|Any CPU.ActiveCfg = Day1|Any CPU
		{ABC8DE14-1D71-4519-ADC3-897AABB646FC}.Debug|Any CPU.ActiveCfg = Debug|Any CPU
		{ABC8DE14-1D71-4519-ADC3-897AABB646FC}.Debug-SC7|Any CPU.ActiveCfg = Debug|Any CPU
		{ABC8DE14-1D71-4519-ADC3-897AABB646FC}.Debug-SC7|Any CPU.Build.0 = Debug|Any CPU
		{ABC8DE14-1D71-4519-ADC3-897AABB646FC}.Release|Any CPU.ActiveCfg = Release|Any CPU
		{ABC8DE14-1D71-4519-ADC3-897AABB646FC}.Release|Any CPU.Build.0 = Release|Any CPU
		{82277C38-DC1B-46AC-A4D9-9BF52E2CD63A}.Day1|Any CPU.ActiveCfg = Day1|Any CPU
		{82277C38-DC1B-46AC-A4D9-9BF52E2CD63A}.Debug|Any CPU.ActiveCfg = Debug|Any CPU
		{82277C38-DC1B-46AC-A4D9-9BF52E2CD63A}.Debug-SC7|Any CPU.ActiveCfg = Debug|Any CPU
		{82277C38-DC1B-46AC-A4D9-9BF52E2CD63A}.Debug-SC7|Any CPU.Build.0 = Debug|Any CPU
		{82277C38-DC1B-46AC-A4D9-9BF52E2CD63A}.Debug-SC7|Any CPU.Deploy.0 = Debug|Any CPU
		{82277C38-DC1B-46AC-A4D9-9BF52E2CD63A}.Release|Any CPU.ActiveCfg = Release|Any CPU
		{82277C38-DC1B-46AC-A4D9-9BF52E2CD63A}.Release|Any CPU.Build.0 = Release|Any CPU
		{82277C38-DC1B-46AC-A4D9-9BF52E2CD63A}.Release|Any CPU.Deploy.0 = Release|Any CPU
		{FC7A98F1-83E7-4F72-AE0B-2EA93320C184}.Day1|Any CPU.ActiveCfg = Day1|Any CPU
		{FC7A98F1-83E7-4F72-AE0B-2EA93320C184}.Debug|Any CPU.ActiveCfg = Debug|Any CPU
		{FC7A98F1-83E7-4F72-AE0B-2EA93320C184}.Debug-SC7|Any CPU.ActiveCfg = Debug|Any CPU
		{FC7A98F1-83E7-4F72-AE0B-2EA93320C184}.Debug-SC7|Any CPU.Build.0 = Debug|Any CPU
		{FC7A98F1-83E7-4F72-AE0B-2EA93320C184}.Release|Any CPU.ActiveCfg = Release|Any CPU
		{FC7A98F1-83E7-4F72-AE0B-2EA93320C184}.Release|Any CPU.Build.0 = Release|Any CPU
		{271F1EAB-3A4A-4848-BB92-5530346C2A06}.Day1|Any CPU.ActiveCfg = Day1|Any CPU
		{271F1EAB-3A4A-4848-BB92-5530346C2A06}.Debug|Any CPU.ActiveCfg = Debug|Any CPU
		{271F1EAB-3A4A-4848-BB92-5530346C2A06}.Debug-SC7|Any CPU.ActiveCfg = Debug|Any CPU
		{271F1EAB-3A4A-4848-BB92-5530346C2A06}.Debug-SC7|Any CPU.Build.0 = Debug|Any CPU
		{271F1EAB-3A4A-4848-BB92-5530346C2A06}.Debug-SC7|Any CPU.Deploy.0 = Debug|Any CPU
		{271F1EAB-3A4A-4848-BB92-5530346C2A06}.Release|Any CPU.ActiveCfg = Release|Any CPU
		{271F1EAB-3A4A-4848-BB92-5530346C2A06}.Release|Any CPU.Build.0 = Release|Any CPU
		{271F1EAB-3A4A-4848-BB92-5530346C2A06}.Release|Any CPU.Deploy.0 = Release|Any CPU
		{1AC6AFCA-FFB8-47CD-9268-C43F3112E1FE}.Day1|Any CPU.ActiveCfg = Day1|Any CPU
		{1AC6AFCA-FFB8-47CD-9268-C43F3112E1FE}.Debug|Any CPU.ActiveCfg = Debug|Any CPU
		{1AC6AFCA-FFB8-47CD-9268-C43F3112E1FE}.Debug-SC7|Any CPU.ActiveCfg = Debug|Any CPU
		{1AC6AFCA-FFB8-47CD-9268-C43F3112E1FE}.Debug-SC7|Any CPU.Build.0 = Debug|Any CPU
		{1AC6AFCA-FFB8-47CD-9268-C43F3112E1FE}.Release|Any CPU.ActiveCfg = Release|Any CPU
		{1AC6AFCA-FFB8-47CD-9268-C43F3112E1FE}.Release|Any CPU.Build.0 = Release|Any CPU
		{4544E761-477B-4B6E-9777-F158E59B6DE0}.Day1|Any CPU.ActiveCfg = Day1|Any CPU
		{4544E761-477B-4B6E-9777-F158E59B6DE0}.Debug|Any CPU.ActiveCfg = Debug|Any CPU
		{4544E761-477B-4B6E-9777-F158E59B6DE0}.Debug-SC7|Any CPU.ActiveCfg = Debug|Any CPU
		{4544E761-477B-4B6E-9777-F158E59B6DE0}.Debug-SC7|Any CPU.Build.0 = Debug|Any CPU
		{4544E761-477B-4B6E-9777-F158E59B6DE0}.Debug-SC7|Any CPU.Deploy.0 = Debug|Any CPU
		{4544E761-477B-4B6E-9777-F158E59B6DE0}.Release|Any CPU.ActiveCfg = Release|Any CPU
		{4544E761-477B-4B6E-9777-F158E59B6DE0}.Release|Any CPU.Build.0 = Release|Any CPU
		{4544E761-477B-4B6E-9777-F158E59B6DE0}.Release|Any CPU.Deploy.0 = Release|Any CPU
		{091E2482-60C8-4C79-885F-60F3FD70A757}.Day1|Any CPU.ActiveCfg = Day1|Any CPU
		{091E2482-60C8-4C79-885F-60F3FD70A757}.Debug|Any CPU.ActiveCfg = Debug|Any CPU
		{091E2482-60C8-4C79-885F-60F3FD70A757}.Debug-SC7|Any CPU.ActiveCfg = Debug|Any CPU
		{091E2482-60C8-4C79-885F-60F3FD70A757}.Debug-SC7|Any CPU.Build.0 = Debug|Any CPU
		{091E2482-60C8-4C79-885F-60F3FD70A757}.Release|Any CPU.ActiveCfg = Release|Any CPU
		{091E2482-60C8-4C79-885F-60F3FD70A757}.Release|Any CPU.Build.0 = Release|Any CPU
		{31C54C98-3537-44EC-97F7-271CB5D81756}.Day1|Any CPU.ActiveCfg = Day1|Any CPU
		{31C54C98-3537-44EC-97F7-271CB5D81756}.Debug|Any CPU.ActiveCfg = Debug|Any CPU
		{31C54C98-3537-44EC-97F7-271CB5D81756}.Debug-SC7|Any CPU.ActiveCfg = Debug|Any CPU
		{31C54C98-3537-44EC-97F7-271CB5D81756}.Debug-SC7|Any CPU.Build.0 = Debug|Any CPU
		{31C54C98-3537-44EC-97F7-271CB5D81756}.Debug-SC7|Any CPU.Deploy.0 = Debug|Any CPU
		{31C54C98-3537-44EC-97F7-271CB5D81756}.Release|Any CPU.ActiveCfg = Release|Any CPU
		{31C54C98-3537-44EC-97F7-271CB5D81756}.Release|Any CPU.Build.0 = Release|Any CPU
		{31C54C98-3537-44EC-97F7-271CB5D81756}.Release|Any CPU.Deploy.0 = Release|Any CPU
		{6B928093-CBD8-478C-9E23-B261207AF51B}.Day1|Any CPU.ActiveCfg = Day1|Any CPU
		{6B928093-CBD8-478C-9E23-B261207AF51B}.Debug|Any CPU.ActiveCfg = Debug|Any CPU
		{6B928093-CBD8-478C-9E23-B261207AF51B}.Debug-SC7|Any CPU.ActiveCfg = Debug|Any CPU
		{6B928093-CBD8-478C-9E23-B261207AF51B}.Debug-SC7|Any CPU.Build.0 = Debug|Any CPU
		{6B928093-CBD8-478C-9E23-B261207AF51B}.Release|Any CPU.ActiveCfg = Release|Any CPU
		{6B928093-CBD8-478C-9E23-B261207AF51B}.Release|Any CPU.Build.0 = Release|Any CPU
		{C3C538A8-E85B-454A-B026-7C403ABA7E23}.Day1|Any CPU.ActiveCfg = Day1|Any CPU
		{C3C538A8-E85B-454A-B026-7C403ABA7E23}.Debug|Any CPU.ActiveCfg = Debug|Any CPU
		{C3C538A8-E85B-454A-B026-7C403ABA7E23}.Debug-SC7|Any CPU.ActiveCfg = Debug|Any CPU
		{C3C538A8-E85B-454A-B026-7C403ABA7E23}.Debug-SC7|Any CPU.Build.0 = Debug|Any CPU
		{C3C538A8-E85B-454A-B026-7C403ABA7E23}.Debug-SC7|Any CPU.Deploy.0 = Debug|Any CPU
		{C3C538A8-E85B-454A-B026-7C403ABA7E23}.Release|Any CPU.ActiveCfg = Release|Any CPU
		{C3C538A8-E85B-454A-B026-7C403ABA7E23}.Release|Any CPU.Build.0 = Release|Any CPU
		{C3C538A8-E85B-454A-B026-7C403ABA7E23}.Release|Any CPU.Deploy.0 = Release|Any CPU
		{F9F90868-227E-4AE4-85D0-AB78C8AB3AD4}.Day1|Any CPU.ActiveCfg = Debug|Any CPU
		{F9F90868-227E-4AE4-85D0-AB78C8AB3AD4}.Day1|Any CPU.Build.0 = Debug|Any CPU
		{F9F90868-227E-4AE4-85D0-AB78C8AB3AD4}.Debug|Any CPU.ActiveCfg = Debug|Any CPU
		{F9F90868-227E-4AE4-85D0-AB78C8AB3AD4}.Debug-SC7|Any CPU.ActiveCfg = Debug|Any CPU
		{F9F90868-227E-4AE4-85D0-AB78C8AB3AD4}.Debug-SC7|Any CPU.Build.0 = Debug|Any CPU
		{F9F90868-227E-4AE4-85D0-AB78C8AB3AD4}.Release|Any CPU.ActiveCfg = Release|Any CPU
		{F9F90868-227E-4AE4-85D0-AB78C8AB3AD4}.Release|Any CPU.Build.0 = Release|Any CPU
		{116A733E-0E3B-433C-9C08-90625CD85F9D}.Day1|Any CPU.ActiveCfg = Debug|Any CPU
		{116A733E-0E3B-433C-9C08-90625CD85F9D}.Day1|Any CPU.Build.0 = Debug|Any CPU
		{116A733E-0E3B-433C-9C08-90625CD85F9D}.Day1|Any CPU.Deploy.0 = Debug|Any CPU
		{116A733E-0E3B-433C-9C08-90625CD85F9D}.Debug|Any CPU.ActiveCfg = Debug|Any CPU
		{116A733E-0E3B-433C-9C08-90625CD85F9D}.Debug-SC7|Any CPU.ActiveCfg = Debug|Any CPU
		{116A733E-0E3B-433C-9C08-90625CD85F9D}.Debug-SC7|Any CPU.Build.0 = Debug|Any CPU
		{116A733E-0E3B-433C-9C08-90625CD85F9D}.Debug-SC7|Any CPU.Deploy.0 = Debug|Any CPU
		{116A733E-0E3B-433C-9C08-90625CD85F9D}.Release|Any CPU.ActiveCfg = Release|Any CPU
		{116A733E-0E3B-433C-9C08-90625CD85F9D}.Release|Any CPU.Build.0 = Release|Any CPU
		{116A733E-0E3B-433C-9C08-90625CD85F9D}.Release|Any CPU.Deploy.0 = Release|Any CPU
		{04480EC3-82BF-4B30-909E-27C25740AED8}.Day1|Any CPU.ActiveCfg = Debug|Any CPU
		{04480EC3-82BF-4B30-909E-27C25740AED8}.Day1|Any CPU.Build.0 = Debug|Any CPU
		{04480EC3-82BF-4B30-909E-27C25740AED8}.Debug|Any CPU.ActiveCfg = Debug|Any CPU
		{04480EC3-82BF-4B30-909E-27C25740AED8}.Debug-SC7|Any CPU.ActiveCfg = Debug|Any CPU
		{04480EC3-82BF-4B30-909E-27C25740AED8}.Debug-SC7|Any CPU.Build.0 = Debug|Any CPU
		{04480EC3-82BF-4B30-909E-27C25740AED8}.Release|Any CPU.ActiveCfg = Release|Any CPU
		{04480EC3-82BF-4B30-909E-27C25740AED8}.Release|Any CPU.Build.0 = Release|Any CPU
		{293385EA-538A-4E93-BE1A-FB5F5C7E1E43}.Day1|Any CPU.ActiveCfg = Debug|Any CPU
		{293385EA-538A-4E93-BE1A-FB5F5C7E1E43}.Day1|Any CPU.Build.0 = Debug|Any CPU
		{293385EA-538A-4E93-BE1A-FB5F5C7E1E43}.Day1|Any CPU.Deploy.0 = Debug|Any CPU
		{293385EA-538A-4E93-BE1A-FB5F5C7E1E43}.Debug|Any CPU.ActiveCfg = Debug|Any CPU
		{293385EA-538A-4E93-BE1A-FB5F5C7E1E43}.Debug-SC7|Any CPU.ActiveCfg = Debug|Any CPU
		{293385EA-538A-4E93-BE1A-FB5F5C7E1E43}.Debug-SC7|Any CPU.Build.0 = Debug|Any CPU
		{293385EA-538A-4E93-BE1A-FB5F5C7E1E43}.Debug-SC7|Any CPU.Deploy.0 = Debug|Any CPU
		{293385EA-538A-4E93-BE1A-FB5F5C7E1E43}.Release|Any CPU.ActiveCfg = Release|Any CPU
		{293385EA-538A-4E93-BE1A-FB5F5C7E1E43}.Release|Any CPU.Build.0 = Release|Any CPU
		{293385EA-538A-4E93-BE1A-FB5F5C7E1E43}.Release|Any CPU.Deploy.0 = Release|Any CPU
		{353A1237-3E0C-41C6-BED3-A9F1138EBCFD}.Day1|Any CPU.ActiveCfg = Debug|Any CPU
		{353A1237-3E0C-41C6-BED3-A9F1138EBCFD}.Day1|Any CPU.Build.0 = Debug|Any CPU
		{353A1237-3E0C-41C6-BED3-A9F1138EBCFD}.Debug|Any CPU.ActiveCfg = Debug|Any CPU
		{353A1237-3E0C-41C6-BED3-A9F1138EBCFD}.Debug-SC7|Any CPU.ActiveCfg = Debug|Any CPU
		{353A1237-3E0C-41C6-BED3-A9F1138EBCFD}.Debug-SC7|Any CPU.Build.0 = Debug|Any CPU
		{353A1237-3E0C-41C6-BED3-A9F1138EBCFD}.Release|Any CPU.ActiveCfg = Release|Any CPU
		{353A1237-3E0C-41C6-BED3-A9F1138EBCFD}.Release|Any CPU.Build.0 = Release|Any CPU
		{769EF5DB-D919-42D6-A050-28B373CFFD3A}.Day1|Any CPU.ActiveCfg = Debug|Any CPU
		{769EF5DB-D919-42D6-A050-28B373CFFD3A}.Day1|Any CPU.Build.0 = Debug|Any CPU
		{769EF5DB-D919-42D6-A050-28B373CFFD3A}.Day1|Any CPU.Deploy.0 = Debug|Any CPU
		{769EF5DB-D919-42D6-A050-28B373CFFD3A}.Debug|Any CPU.ActiveCfg = Debug|Any CPU
		{769EF5DB-D919-42D6-A050-28B373CFFD3A}.Debug-SC7|Any CPU.ActiveCfg = Debug|Any CPU
		{769EF5DB-D919-42D6-A050-28B373CFFD3A}.Debug-SC7|Any CPU.Build.0 = Debug|Any CPU
		{769EF5DB-D919-42D6-A050-28B373CFFD3A}.Debug-SC7|Any CPU.Deploy.0 = Debug|Any CPU
		{769EF5DB-D919-42D6-A050-28B373CFFD3A}.Release|Any CPU.ActiveCfg = Release|Any CPU
		{769EF5DB-D919-42D6-A050-28B373CFFD3A}.Release|Any CPU.Build.0 = Release|Any CPU
		{769EF5DB-D919-42D6-A050-28B373CFFD3A}.Release|Any CPU.Deploy.0 = Release|Any CPU
		{EB0B46F3-4142-4C37-9D7B-C96DDB61675A}.Day1|Any CPU.ActiveCfg = Debug|Any CPU
		{EB0B46F3-4142-4C37-9D7B-C96DDB61675A}.Day1|Any CPU.Build.0 = Debug|Any CPU
		{EB0B46F3-4142-4C37-9D7B-C96DDB61675A}.Debug|Any CPU.ActiveCfg = Debug|Any CPU
		{EB0B46F3-4142-4C37-9D7B-C96DDB61675A}.Debug-SC7|Any CPU.ActiveCfg = Debug|Any CPU
		{EB0B46F3-4142-4C37-9D7B-C96DDB61675A}.Debug-SC7|Any CPU.Build.0 = Debug|Any CPU
		{EB0B46F3-4142-4C37-9D7B-C96DDB61675A}.Release|Any CPU.ActiveCfg = Release|Any CPU
		{EB0B46F3-4142-4C37-9D7B-C96DDB61675A}.Release|Any CPU.Build.0 = Release|Any CPU
		{5B4E3955-B66F-4A7A-BC83-45D8A66BEC5C}.Day1|Any CPU.ActiveCfg = Debug|Any CPU
		{5B4E3955-B66F-4A7A-BC83-45D8A66BEC5C}.Day1|Any CPU.Build.0 = Debug|Any CPU
		{5B4E3955-B66F-4A7A-BC83-45D8A66BEC5C}.Day1|Any CPU.Deploy.0 = Debug|Any CPU
		{5B4E3955-B66F-4A7A-BC83-45D8A66BEC5C}.Debug|Any CPU.ActiveCfg = Debug|Any CPU
		{5B4E3955-B66F-4A7A-BC83-45D8A66BEC5C}.Debug-SC7|Any CPU.ActiveCfg = Debug|Any CPU
		{5B4E3955-B66F-4A7A-BC83-45D8A66BEC5C}.Debug-SC7|Any CPU.Build.0 = Debug|Any CPU
		{5B4E3955-B66F-4A7A-BC83-45D8A66BEC5C}.Debug-SC7|Any CPU.Deploy.0 = Debug|Any CPU
		{5B4E3955-B66F-4A7A-BC83-45D8A66BEC5C}.Release|Any CPU.ActiveCfg = Release|Any CPU
		{5B4E3955-B66F-4A7A-BC83-45D8A66BEC5C}.Release|Any CPU.Build.0 = Release|Any CPU
		{5B4E3955-B66F-4A7A-BC83-45D8A66BEC5C}.Release|Any CPU.Deploy.0 = Release|Any CPU
		{7AB786B6-85E8-4630-A2DE-C368A0CBBC53}.Day1|Any CPU.ActiveCfg = Day1|Any CPU
		{7AB786B6-85E8-4630-A2DE-C368A0CBBC53}.Day1|Any CPU.Build.0 = Day1|Any CPU
		{7AB786B6-85E8-4630-A2DE-C368A0CBBC53}.Debug|Any CPU.ActiveCfg = Debug|Any CPU
		{7AB786B6-85E8-4630-A2DE-C368A0CBBC53}.Debug-SC7|Any CPU.ActiveCfg = Debug|Any CPU
		{7AB786B6-85E8-4630-A2DE-C368A0CBBC53}.Debug-SC7|Any CPU.Build.0 = Debug|Any CPU
		{7AB786B6-85E8-4630-A2DE-C368A0CBBC53}.Release|Any CPU.ActiveCfg = Release|Any CPU
		{7AB786B6-85E8-4630-A2DE-C368A0CBBC53}.Release|Any CPU.Build.0 = Release|Any CPU
		{44DDA5DC-4CE5-4FB4-B460-EBEE288E5066}.Day1|Any CPU.ActiveCfg = Day1|Any CPU
		{44DDA5DC-4CE5-4FB4-B460-EBEE288E5066}.Day1|Any CPU.Build.0 = Day1|Any CPU
		{44DDA5DC-4CE5-4FB4-B460-EBEE288E5066}.Day1|Any CPU.Deploy.0 = Day1|Any CPU
		{44DDA5DC-4CE5-4FB4-B460-EBEE288E5066}.Debug|Any CPU.ActiveCfg = Debug|Any CPU
		{44DDA5DC-4CE5-4FB4-B460-EBEE288E5066}.Debug-SC7|Any CPU.ActiveCfg = Debug|Any CPU
		{44DDA5DC-4CE5-4FB4-B460-EBEE288E5066}.Debug-SC7|Any CPU.Build.0 = Debug|Any CPU
		{44DDA5DC-4CE5-4FB4-B460-EBEE288E5066}.Debug-SC7|Any CPU.Deploy.0 = Debug|Any CPU
		{44DDA5DC-4CE5-4FB4-B460-EBEE288E5066}.Release|Any CPU.ActiveCfg = Release|Any CPU
		{44DDA5DC-4CE5-4FB4-B460-EBEE288E5066}.Release|Any CPU.Build.0 = Release|Any CPU
		{44DDA5DC-4CE5-4FB4-B460-EBEE288E5066}.Release|Any CPU.Deploy.0 = Release|Any CPU
		{69803961-0063-458E-A973-0571964E9B10}.Day1|Any CPU.ActiveCfg = Day1|Any CPU
		{69803961-0063-458E-A973-0571964E9B10}.Day1|Any CPU.Build.0 = Day1|Any CPU
		{69803961-0063-458E-A973-0571964E9B10}.Debug|Any CPU.ActiveCfg = Debug|Any CPU
		{69803961-0063-458E-A973-0571964E9B10}.Debug-SC7|Any CPU.ActiveCfg = Debug|Any CPU
		{69803961-0063-458E-A973-0571964E9B10}.Debug-SC7|Any CPU.Build.0 = Debug|Any CPU
		{69803961-0063-458E-A973-0571964E9B10}.Release|Any CPU.ActiveCfg = Release|Any CPU
		{69803961-0063-458E-A973-0571964E9B10}.Release|Any CPU.Build.0 = Release|Any CPU
		{4E63C1DA-EF55-4B1C-8CBC-0EE075B3F529}.Day1|Any CPU.ActiveCfg = Day1|Any CPU
		{4E63C1DA-EF55-4B1C-8CBC-0EE075B3F529}.Day1|Any CPU.Build.0 = Day1|Any CPU
		{4E63C1DA-EF55-4B1C-8CBC-0EE075B3F529}.Day1|Any CPU.Deploy.0 = Day1|Any CPU
		{4E63C1DA-EF55-4B1C-8CBC-0EE075B3F529}.Debug|Any CPU.ActiveCfg = Debug|Any CPU
		{4E63C1DA-EF55-4B1C-8CBC-0EE075B3F529}.Debug-SC7|Any CPU.ActiveCfg = Debug|Any CPU
		{4E63C1DA-EF55-4B1C-8CBC-0EE075B3F529}.Debug-SC7|Any CPU.Build.0 = Debug|Any CPU
		{4E63C1DA-EF55-4B1C-8CBC-0EE075B3F529}.Debug-SC7|Any CPU.Deploy.0 = Debug|Any CPU
		{4E63C1DA-EF55-4B1C-8CBC-0EE075B3F529}.Release|Any CPU.ActiveCfg = Release|Any CPU
		{4E63C1DA-EF55-4B1C-8CBC-0EE075B3F529}.Release|Any CPU.Build.0 = Release|Any CPU
		{4E63C1DA-EF55-4B1C-8CBC-0EE075B3F529}.Release|Any CPU.Deploy.0 = Release|Any CPU
		{AD417FFE-6894-4044-8B47-95D2BCA95344}.Day1|Any CPU.ActiveCfg = Day1|Any CPU
		{AD417FFE-6894-4044-8B47-95D2BCA95344}.Day1|Any CPU.Build.0 = Day1|Any CPU
		{AD417FFE-6894-4044-8B47-95D2BCA95344}.Debug|Any CPU.ActiveCfg = Debug|Any CPU
		{AD417FFE-6894-4044-8B47-95D2BCA95344}.Debug-SC7|Any CPU.ActiveCfg = Debug|Any CPU
		{AD417FFE-6894-4044-8B47-95D2BCA95344}.Debug-SC7|Any CPU.Build.0 = Debug|Any CPU
		{AD417FFE-6894-4044-8B47-95D2BCA95344}.Release|Any CPU.ActiveCfg = Release|Any CPU
		{AD417FFE-6894-4044-8B47-95D2BCA95344}.Release|Any CPU.Build.0 = Release|Any CPU
		{EDF173F0-7D1F-4F95-9847-F50C98E6B2C5}.Day1|Any CPU.ActiveCfg = Debug|Any CPU
		{EDF173F0-7D1F-4F95-9847-F50C98E6B2C5}.Day1|Any CPU.Build.0 = Debug|Any CPU
		{EDF173F0-7D1F-4F95-9847-F50C98E6B2C5}.Day1|Any CPU.Deploy.0 = Debug|Any CPU
		{EDF173F0-7D1F-4F95-9847-F50C98E6B2C5}.Debug|Any CPU.ActiveCfg = Debug|Any CPU
		{EDF173F0-7D1F-4F95-9847-F50C98E6B2C5}.Debug-SC7|Any CPU.ActiveCfg = Debug|Any CPU
		{EDF173F0-7D1F-4F95-9847-F50C98E6B2C5}.Debug-SC7|Any CPU.Build.0 = Debug|Any CPU
		{EDF173F0-7D1F-4F95-9847-F50C98E6B2C5}.Debug-SC7|Any CPU.Deploy.0 = Debug|Any CPU
		{EDF173F0-7D1F-4F95-9847-F50C98E6B2C5}.Release|Any CPU.ActiveCfg = Release|Any CPU
		{EDF173F0-7D1F-4F95-9847-F50C98E6B2C5}.Release|Any CPU.Build.0 = Release|Any CPU
		{EDF173F0-7D1F-4F95-9847-F50C98E6B2C5}.Release|Any CPU.Deploy.0 = Release|Any CPU
		{2E2A1E99-857C-475E-94E0-084D53ADE712}.Day1|Any CPU.ActiveCfg = Debug|Any CPU
		{2E2A1E99-857C-475E-94E0-084D53ADE712}.Day1|Any CPU.Build.0 = Debug|Any CPU
		{2E2A1E99-857C-475E-94E0-084D53ADE712}.Debug|Any CPU.ActiveCfg = Debug|Any CPU
		{2E2A1E99-857C-475E-94E0-084D53ADE712}.Debug-SC7|Any CPU.ActiveCfg = Debug|Any CPU
		{2E2A1E99-857C-475E-94E0-084D53ADE712}.Debug-SC7|Any CPU.Build.0 = Debug|Any CPU
		{2E2A1E99-857C-475E-94E0-084D53ADE712}.Release|Any CPU.ActiveCfg = Release|Any CPU
		{2E2A1E99-857C-475E-94E0-084D53ADE712}.Release|Any CPU.Build.0 = Release|Any CPU
		{F9E3A877-697C-4392-B135-AE020A2203D7}.Day1|Any CPU.ActiveCfg = Debug|Any CPU
		{F9E3A877-697C-4392-B135-AE020A2203D7}.Day1|Any CPU.Build.0 = Debug|Any CPU
		{F9E3A877-697C-4392-B135-AE020A2203D7}.Day1|Any CPU.Deploy.0 = Debug|Any CPU
		{F9E3A877-697C-4392-B135-AE020A2203D7}.Debug|Any CPU.ActiveCfg = Debug|Any CPU
		{F9E3A877-697C-4392-B135-AE020A2203D7}.Debug-SC7|Any CPU.ActiveCfg = Debug|Any CPU
		{F9E3A877-697C-4392-B135-AE020A2203D7}.Debug-SC7|Any CPU.Build.0 = Debug|Any CPU
		{F9E3A877-697C-4392-B135-AE020A2203D7}.Debug-SC7|Any CPU.Deploy.0 = Debug|Any CPU
		{F9E3A877-697C-4392-B135-AE020A2203D7}.Release|Any CPU.ActiveCfg = Release|Any CPU
		{F9E3A877-697C-4392-B135-AE020A2203D7}.Release|Any CPU.Build.0 = Release|Any CPU
		{F9E3A877-697C-4392-B135-AE020A2203D7}.Release|Any CPU.Deploy.0 = Release|Any CPU
		{30508475-7050-46AD-8300-A2AC85252DA4}.Day1|Any CPU.ActiveCfg = Debug|Any CPU
		{30508475-7050-46AD-8300-A2AC85252DA4}.Day1|Any CPU.Build.0 = Debug|Any CPU
		{30508475-7050-46AD-8300-A2AC85252DA4}.Debug|Any CPU.ActiveCfg = Debug|Any CPU
		{30508475-7050-46AD-8300-A2AC85252DA4}.Debug-SC7|Any CPU.ActiveCfg = Debug|Any CPU
		{30508475-7050-46AD-8300-A2AC85252DA4}.Debug-SC7|Any CPU.Build.0 = Debug|Any CPU
		{30508475-7050-46AD-8300-A2AC85252DA4}.Release|Any CPU.ActiveCfg = Release|Any CPU
		{30508475-7050-46AD-8300-A2AC85252DA4}.Release|Any CPU.Build.0 = Release|Any CPU
		{5A85C68F-9F00-4B28-ACCC-5545B09C7EA4}.Day1|Any CPU.ActiveCfg = Debug|Any CPU
		{5A85C68F-9F00-4B28-ACCC-5545B09C7EA4}.Day1|Any CPU.Build.0 = Debug|Any CPU
		{5A85C68F-9F00-4B28-ACCC-5545B09C7EA4}.Day1|Any CPU.Deploy.0 = Debug|Any CPU
		{5A85C68F-9F00-4B28-ACCC-5545B09C7EA4}.Debug|Any CPU.ActiveCfg = Debug|Any CPU
		{5A85C68F-9F00-4B28-ACCC-5545B09C7EA4}.Debug-SC7|Any CPU.ActiveCfg = Debug|Any CPU
		{5A85C68F-9F00-4B28-ACCC-5545B09C7EA4}.Debug-SC7|Any CPU.Build.0 = Debug|Any CPU
		{5A85C68F-9F00-4B28-ACCC-5545B09C7EA4}.Debug-SC7|Any CPU.Deploy.0 = Debug|Any CPU
		{5A85C68F-9F00-4B28-ACCC-5545B09C7EA4}.Release|Any CPU.ActiveCfg = Release|Any CPU
		{5A85C68F-9F00-4B28-ACCC-5545B09C7EA4}.Release|Any CPU.Build.0 = Release|Any CPU
		{5A85C68F-9F00-4B28-ACCC-5545B09C7EA4}.Release|Any CPU.Deploy.0 = Release|Any CPU
		{66B2B39E-ECCC-4F3F-A77F-BC3B5DA8D7B6}.Day1|Any CPU.ActiveCfg = Debug|Any CPU
		{66B2B39E-ECCC-4F3F-A77F-BC3B5DA8D7B6}.Day1|Any CPU.Build.0 = Debug|Any CPU
		{66B2B39E-ECCC-4F3F-A77F-BC3B5DA8D7B6}.Debug|Any CPU.ActiveCfg = Debug|Any CPU
		{66B2B39E-ECCC-4F3F-A77F-BC3B5DA8D7B6}.Debug-SC7|Any CPU.ActiveCfg = Debug|Any CPU
		{66B2B39E-ECCC-4F3F-A77F-BC3B5DA8D7B6}.Debug-SC7|Any CPU.Build.0 = Debug|Any CPU
		{66B2B39E-ECCC-4F3F-A77F-BC3B5DA8D7B6}.Release|Any CPU.ActiveCfg = Release|Any CPU
		{66B2B39E-ECCC-4F3F-A77F-BC3B5DA8D7B6}.Release|Any CPU.Build.0 = Release|Any CPU
		{EB673097-3FE9-42BB-B741-5E297CFB1125}.Day1|Any CPU.ActiveCfg = Debug|Any CPU
		{EB673097-3FE9-42BB-B741-5E297CFB1125}.Day1|Any CPU.Build.0 = Debug|Any CPU
		{EB673097-3FE9-42BB-B741-5E297CFB1125}.Day1|Any CPU.Deploy.0 = Debug|Any CPU
		{EB673097-3FE9-42BB-B741-5E297CFB1125}.Debug|Any CPU.ActiveCfg = Debug|Any CPU
		{EB673097-3FE9-42BB-B741-5E297CFB1125}.Debug-SC7|Any CPU.ActiveCfg = Debug|Any CPU
		{EB673097-3FE9-42BB-B741-5E297CFB1125}.Debug-SC7|Any CPU.Build.0 = Debug|Any CPU
		{EB673097-3FE9-42BB-B741-5E297CFB1125}.Debug-SC7|Any CPU.Deploy.0 = Debug|Any CPU
		{EB673097-3FE9-42BB-B741-5E297CFB1125}.Release|Any CPU.ActiveCfg = Release|Any CPU
		{EB673097-3FE9-42BB-B741-5E297CFB1125}.Release|Any CPU.Build.0 = Release|Any CPU
		{EB673097-3FE9-42BB-B741-5E297CFB1125}.Release|Any CPU.Deploy.0 = Release|Any CPU
		{C713FB8F-B1ED-4559-BED3-F6A38DD79986}.Day1|Any CPU.ActiveCfg = Debug|Any CPU
		{C713FB8F-B1ED-4559-BED3-F6A38DD79986}.Day1|Any CPU.Build.0 = Debug|Any CPU
		{C713FB8F-B1ED-4559-BED3-F6A38DD79986}.Day1|Any CPU.Deploy.0 = Debug|Any CPU
		{C713FB8F-B1ED-4559-BED3-F6A38DD79986}.Debug|Any CPU.ActiveCfg = Debug|Any CPU
		{C713FB8F-B1ED-4559-BED3-F6A38DD79986}.Debug-SC7|Any CPU.ActiveCfg = Debug|Any CPU
		{C713FB8F-B1ED-4559-BED3-F6A38DD79986}.Debug-SC7|Any CPU.Build.0 = Debug|Any CPU
		{C713FB8F-B1ED-4559-BED3-F6A38DD79986}.Debug-SC7|Any CPU.Deploy.0 = Debug|Any CPU
		{C713FB8F-B1ED-4559-BED3-F6A38DD79986}.Release|Any CPU.ActiveCfg = Release|Any CPU
		{C713FB8F-B1ED-4559-BED3-F6A38DD79986}.Release|Any CPU.Build.0 = Release|Any CPU
		{C713FB8F-B1ED-4559-BED3-F6A38DD79986}.Release|Any CPU.Deploy.0 = Release|Any CPU
		{D0E25F60-1148-456E-A9B7-EB37F87AB2EE}.Day1|Any CPU.ActiveCfg = Debug|Any CPU
		{D0E25F60-1148-456E-A9B7-EB37F87AB2EE}.Day1|Any CPU.Build.0 = Debug|Any CPU
		{D0E25F60-1148-456E-A9B7-EB37F87AB2EE}.Debug|Any CPU.ActiveCfg = Debug|Any CPU
		{D0E25F60-1148-456E-A9B7-EB37F87AB2EE}.Debug-SC7|Any CPU.ActiveCfg = Debug|Any CPU
		{D0E25F60-1148-456E-A9B7-EB37F87AB2EE}.Debug-SC7|Any CPU.Build.0 = Debug|Any CPU
		{D0E25F60-1148-456E-A9B7-EB37F87AB2EE}.Release|Any CPU.ActiveCfg = Release|Any CPU
		{D0E25F60-1148-456E-A9B7-EB37F87AB2EE}.Release|Any CPU.Build.0 = Release|Any CPU
		{B12B1ABE-54F8-4A45-93EC-676609861E92}.Day1|Any CPU.ActiveCfg = Debug|Any CPU
		{B12B1ABE-54F8-4A45-93EC-676609861E92}.Day1|Any CPU.Build.0 = Debug|Any CPU
		{B12B1ABE-54F8-4A45-93EC-676609861E92}.Day1|Any CPU.Deploy.0 = Debug|Any CPU
		{B12B1ABE-54F8-4A45-93EC-676609861E92}.Debug|Any CPU.ActiveCfg = Debug|Any CPU
		{B12B1ABE-54F8-4A45-93EC-676609861E92}.Debug-SC7|Any CPU.ActiveCfg = Debug|Any CPU
		{B12B1ABE-54F8-4A45-93EC-676609861E92}.Debug-SC7|Any CPU.Build.0 = Debug|Any CPU
		{B12B1ABE-54F8-4A45-93EC-676609861E92}.Debug-SC7|Any CPU.Deploy.0 = Debug|Any CPU
		{B12B1ABE-54F8-4A45-93EC-676609861E92}.Release|Any CPU.ActiveCfg = Release|Any CPU
		{B12B1ABE-54F8-4A45-93EC-676609861E92}.Release|Any CPU.Build.0 = Release|Any CPU
		{B12B1ABE-54F8-4A45-93EC-676609861E92}.Release|Any CPU.Deploy.0 = Release|Any CPU
		{CB01D210-1C6A-4C65-B8FE-4372F09C1F5A}.Day1|Any CPU.ActiveCfg = Debug|Any CPU
		{CB01D210-1C6A-4C65-B8FE-4372F09C1F5A}.Day1|Any CPU.Build.0 = Debug|Any CPU
		{CB01D210-1C6A-4C65-B8FE-4372F09C1F5A}.Debug|Any CPU.ActiveCfg = Debug|Any CPU
		{CB01D210-1C6A-4C65-B8FE-4372F09C1F5A}.Debug-SC7|Any CPU.ActiveCfg = Debug|Any CPU
		{CB01D210-1C6A-4C65-B8FE-4372F09C1F5A}.Debug-SC7|Any CPU.Build.0 = Debug|Any CPU
		{CB01D210-1C6A-4C65-B8FE-4372F09C1F5A}.Release|Any CPU.ActiveCfg = Release|Any CPU
		{CB01D210-1C6A-4C65-B8FE-4372F09C1F5A}.Release|Any CPU.Build.0 = Release|Any CPU
		{25F08752-FA8C-4F2D-BB98-C4E4A2EDB18E}.Day1|Any CPU.ActiveCfg = Debug|Any CPU
		{25F08752-FA8C-4F2D-BB98-C4E4A2EDB18E}.Day1|Any CPU.Build.0 = Debug|Any CPU
		{25F08752-FA8C-4F2D-BB98-C4E4A2EDB18E}.Day1|Any CPU.Deploy.0 = Debug|Any CPU
		{25F08752-FA8C-4F2D-BB98-C4E4A2EDB18E}.Debug|Any CPU.ActiveCfg = Debug|Any CPU
		{25F08752-FA8C-4F2D-BB98-C4E4A2EDB18E}.Debug-SC7|Any CPU.ActiveCfg = Debug|Any CPU
		{25F08752-FA8C-4F2D-BB98-C4E4A2EDB18E}.Debug-SC7|Any CPU.Build.0 = Debug|Any CPU
		{25F08752-FA8C-4F2D-BB98-C4E4A2EDB18E}.Debug-SC7|Any CPU.Deploy.0 = Debug|Any CPU
		{25F08752-FA8C-4F2D-BB98-C4E4A2EDB18E}.Release|Any CPU.ActiveCfg = Release|Any CPU
		{25F08752-FA8C-4F2D-BB98-C4E4A2EDB18E}.Release|Any CPU.Build.0 = Release|Any CPU
		{25F08752-FA8C-4F2D-BB98-C4E4A2EDB18E}.Release|Any CPU.Deploy.0 = Release|Any CPU
		{FE011B8B-B1E4-406F-9205-8B8FDB13F969}.Day1|Any CPU.ActiveCfg = Debug|Any CPU
		{FE011B8B-B1E4-406F-9205-8B8FDB13F969}.Day1|Any CPU.Build.0 = Debug|Any CPU
		{FE011B8B-B1E4-406F-9205-8B8FDB13F969}.Day1|Any CPU.Deploy.0 = Debug|Any CPU
		{FE011B8B-B1E4-406F-9205-8B8FDB13F969}.Debug|Any CPU.ActiveCfg = Debug|Any CPU
		{FE011B8B-B1E4-406F-9205-8B8FDB13F969}.Debug-SC7|Any CPU.ActiveCfg = Debug|Any CPU
		{FE011B8B-B1E4-406F-9205-8B8FDB13F969}.Debug-SC7|Any CPU.Build.0 = Debug|Any CPU
		{FE011B8B-B1E4-406F-9205-8B8FDB13F969}.Debug-SC7|Any CPU.Deploy.0 = Debug|Any CPU
		{FE011B8B-B1E4-406F-9205-8B8FDB13F969}.Release|Any CPU.ActiveCfg = Release|Any CPU
		{FE011B8B-B1E4-406F-9205-8B8FDB13F969}.Release|Any CPU.Build.0 = Release|Any CPU
		{FE011B8B-B1E4-406F-9205-8B8FDB13F969}.Release|Any CPU.Deploy.0 = Release|Any CPU
		{674C84ED-28F1-4F0A-BC50-83139C8EBD9B}.Day1|Any CPU.ActiveCfg = Debug|Any CPU
		{674C84ED-28F1-4F0A-BC50-83139C8EBD9B}.Day1|Any CPU.Build.0 = Debug|Any CPU
		{674C84ED-28F1-4F0A-BC50-83139C8EBD9B}.Debug|Any CPU.ActiveCfg = Debug|Any CPU
		{674C84ED-28F1-4F0A-BC50-83139C8EBD9B}.Debug-SC7|Any CPU.ActiveCfg = Debug|Any CPU
		{674C84ED-28F1-4F0A-BC50-83139C8EBD9B}.Debug-SC7|Any CPU.Build.0 = Debug|Any CPU
		{674C84ED-28F1-4F0A-BC50-83139C8EBD9B}.Release|Any CPU.ActiveCfg = Release|Any CPU
		{674C84ED-28F1-4F0A-BC50-83139C8EBD9B}.Release|Any CPU.Build.0 = Release|Any CPU
		{AC53D493-3858-4353-AD3C-34AB7790EFA7}.Day1|Any CPU.ActiveCfg = Day1|Any CPU
		{AC53D493-3858-4353-AD3C-34AB7790EFA7}.Day1|Any CPU.Build.0 = Day1|Any CPU
		{AC53D493-3858-4353-AD3C-34AB7790EFA7}.Day1|Any CPU.Deploy.0 = Day1|Any CPU
		{AC53D493-3858-4353-AD3C-34AB7790EFA7}.Debug|Any CPU.ActiveCfg = Debug|Any CPU
		{AC53D493-3858-4353-AD3C-34AB7790EFA7}.Debug-SC7|Any CPU.ActiveCfg = Debug|Any CPU
		{AC53D493-3858-4353-AD3C-34AB7790EFA7}.Debug-SC7|Any CPU.Build.0 = Debug|Any CPU
		{AC53D493-3858-4353-AD3C-34AB7790EFA7}.Debug-SC7|Any CPU.Deploy.0 = Debug|Any CPU
		{AC53D493-3858-4353-AD3C-34AB7790EFA7}.Release|Any CPU.ActiveCfg = Release|Any CPU
		{AC53D493-3858-4353-AD3C-34AB7790EFA7}.Release|Any CPU.Build.0 = Release|Any CPU
		{AC53D493-3858-4353-AD3C-34AB7790EFA7}.Release|Any CPU.Deploy.0 = Release|Any CPU
		{E817400C-4DB4-430A-AE7C-C5C26FC4FA9F}.Day1|Any CPU.ActiveCfg = Debug|Any CPU
		{E817400C-4DB4-430A-AE7C-C5C26FC4FA9F}.Day1|Any CPU.Build.0 = Debug|Any CPU
		{E817400C-4DB4-430A-AE7C-C5C26FC4FA9F}.Debug|Any CPU.ActiveCfg = Debug|Any CPU
		{E817400C-4DB4-430A-AE7C-C5C26FC4FA9F}.Debug-SC7|Any CPU.ActiveCfg = Debug|Any CPU
		{E817400C-4DB4-430A-AE7C-C5C26FC4FA9F}.Debug-SC7|Any CPU.Build.0 = Debug|Any CPU
		{E817400C-4DB4-430A-AE7C-C5C26FC4FA9F}.Release|Any CPU.ActiveCfg = Release|Any CPU
		{E817400C-4DB4-430A-AE7C-C5C26FC4FA9F}.Release|Any CPU.Build.0 = Release|Any CPU
		{D9787397-BCD6-4B49-ACF7-FAE14209F215}.Day1|Any CPU.ActiveCfg = Day1|Any CPU
		{D9787397-BCD6-4B49-ACF7-FAE14209F215}.Day1|Any CPU.Build.0 = Day1|Any CPU
		{D9787397-BCD6-4B49-ACF7-FAE14209F215}.Day1|Any CPU.Deploy.0 = Day1|Any CPU
		{D9787397-BCD6-4B49-ACF7-FAE14209F215}.Debug|Any CPU.ActiveCfg = Debug|Any CPU
		{D9787397-BCD6-4B49-ACF7-FAE14209F215}.Debug-SC7|Any CPU.ActiveCfg = Debug|Any CPU
		{D9787397-BCD6-4B49-ACF7-FAE14209F215}.Debug-SC7|Any CPU.Build.0 = Debug|Any CPU
		{D9787397-BCD6-4B49-ACF7-FAE14209F215}.Debug-SC7|Any CPU.Deploy.0 = Debug|Any CPU
		{D9787397-BCD6-4B49-ACF7-FAE14209F215}.Release|Any CPU.ActiveCfg = Release|Any CPU
		{D9787397-BCD6-4B49-ACF7-FAE14209F215}.Release|Any CPU.Build.0 = Release|Any CPU
		{D9787397-BCD6-4B49-ACF7-FAE14209F215}.Release|Any CPU.Deploy.0 = Release|Any CPU
		{BCB0E13A-63C3-4C43-B5EA-BCD396551A96}.Day1|Any CPU.ActiveCfg = Debug|Any CPU
		{BCB0E13A-63C3-4C43-B5EA-BCD396551A96}.Day1|Any CPU.Build.0 = Debug|Any CPU
		{BCB0E13A-63C3-4C43-B5EA-BCD396551A96}.Debug|Any CPU.ActiveCfg = Debug|Any CPU
		{BCB0E13A-63C3-4C43-B5EA-BCD396551A96}.Debug-SC7|Any CPU.ActiveCfg = Debug|Any CPU
		{BCB0E13A-63C3-4C43-B5EA-BCD396551A96}.Debug-SC7|Any CPU.Build.0 = Debug|Any CPU
		{BCB0E13A-63C3-4C43-B5EA-BCD396551A96}.Release|Any CPU.ActiveCfg = Release|Any CPU
		{BCB0E13A-63C3-4C43-B5EA-BCD396551A96}.Release|Any CPU.Build.0 = Release|Any CPU
		{70D60DE8-3388-4890-BD6A-0F4B2489F73B}.Day1|Any CPU.ActiveCfg = Day1|Any CPU
		{70D60DE8-3388-4890-BD6A-0F4B2489F73B}.Day1|Any CPU.Build.0 = Day1|Any CPU
		{70D60DE8-3388-4890-BD6A-0F4B2489F73B}.Day1|Any CPU.Deploy.0 = Day1|Any CPU
		{70D60DE8-3388-4890-BD6A-0F4B2489F73B}.Debug|Any CPU.ActiveCfg = Debug|Any CPU
		{70D60DE8-3388-4890-BD6A-0F4B2489F73B}.Debug-SC7|Any CPU.ActiveCfg = Debug|Any CPU
		{70D60DE8-3388-4890-BD6A-0F4B2489F73B}.Debug-SC7|Any CPU.Build.0 = Debug|Any CPU
		{70D60DE8-3388-4890-BD6A-0F4B2489F73B}.Debug-SC7|Any CPU.Deploy.0 = Debug|Any CPU
		{70D60DE8-3388-4890-BD6A-0F4B2489F73B}.Release|Any CPU.ActiveCfg = Release|Any CPU
		{70D60DE8-3388-4890-BD6A-0F4B2489F73B}.Release|Any CPU.Build.0 = Release|Any CPU
		{70D60DE8-3388-4890-BD6A-0F4B2489F73B}.Release|Any CPU.Deploy.0 = Release|Any CPU
		{710F1C37-F24F-4AD8-9FB7-BD76AB38F3E9}.Day1|Any CPU.ActiveCfg = Debug|Any CPU
		{710F1C37-F24F-4AD8-9FB7-BD76AB38F3E9}.Day1|Any CPU.Build.0 = Debug|Any CPU
		{710F1C37-F24F-4AD8-9FB7-BD76AB38F3E9}.Debug|Any CPU.ActiveCfg = Debug|Any CPU
		{710F1C37-F24F-4AD8-9FB7-BD76AB38F3E9}.Debug-SC7|Any CPU.ActiveCfg = Debug|Any CPU
		{710F1C37-F24F-4AD8-9FB7-BD76AB38F3E9}.Debug-SC7|Any CPU.Build.0 = Debug|Any CPU
		{710F1C37-F24F-4AD8-9FB7-BD76AB38F3E9}.Release|Any CPU.ActiveCfg = Release|Any CPU
		{710F1C37-F24F-4AD8-9FB7-BD76AB38F3E9}.Release|Any CPU.Build.0 = Release|Any CPU
		{52F653CF-7FDD-4AB8-B463-9C17C1B5D6D0}.Day1|Any CPU.ActiveCfg = Day1|Any CPU
		{52F653CF-7FDD-4AB8-B463-9C17C1B5D6D0}.Day1|Any CPU.Build.0 = Day1|Any CPU
		{52F653CF-7FDD-4AB8-B463-9C17C1B5D6D0}.Day1|Any CPU.Deploy.0 = Day1|Any CPU
		{52F653CF-7FDD-4AB8-B463-9C17C1B5D6D0}.Debug|Any CPU.ActiveCfg = Debug|Any CPU
		{52F653CF-7FDD-4AB8-B463-9C17C1B5D6D0}.Debug-SC7|Any CPU.ActiveCfg = Debug|Any CPU
		{52F653CF-7FDD-4AB8-B463-9C17C1B5D6D0}.Debug-SC7|Any CPU.Build.0 = Debug|Any CPU
		{52F653CF-7FDD-4AB8-B463-9C17C1B5D6D0}.Debug-SC7|Any CPU.Deploy.0 = Debug|Any CPU
		{52F653CF-7FDD-4AB8-B463-9C17C1B5D6D0}.Release|Any CPU.ActiveCfg = Release|Any CPU
		{52F653CF-7FDD-4AB8-B463-9C17C1B5D6D0}.Release|Any CPU.Build.0 = Release|Any CPU
		{52F653CF-7FDD-4AB8-B463-9C17C1B5D6D0}.Release|Any CPU.Deploy.0 = Release|Any CPU
		{ECCC0EFE-FABA-4860-943C-301BD46FC32E}.Day1|Any CPU.ActiveCfg = Debug|Any CPU
		{ECCC0EFE-FABA-4860-943C-301BD46FC32E}.Day1|Any CPU.Build.0 = Debug|Any CPU
		{ECCC0EFE-FABA-4860-943C-301BD46FC32E}.Debug|Any CPU.ActiveCfg = Debug|Any CPU
		{ECCC0EFE-FABA-4860-943C-301BD46FC32E}.Debug|Any CPU.Build.0 = Debug|Any CPU
		{ECCC0EFE-FABA-4860-943C-301BD46FC32E}.Debug-SC7|Any CPU.ActiveCfg = Debug|Any CPU
		{ECCC0EFE-FABA-4860-943C-301BD46FC32E}.Debug-SC7|Any CPU.Build.0 = Debug|Any CPU
		{ECCC0EFE-FABA-4860-943C-301BD46FC32E}.Release|Any CPU.ActiveCfg = Release|Any CPU
		{ECCC0EFE-FABA-4860-943C-301BD46FC32E}.Release|Any CPU.Build.0 = Release|Any CPU
		{BB9D4C0B-52E9-4024-8FB1-8FA768FDAD73}.Day1|Any CPU.ActiveCfg = Debug|Any CPU
		{BB9D4C0B-52E9-4024-8FB1-8FA768FDAD73}.Day1|Any CPU.Build.0 = Debug|Any CPU
		{BB9D4C0B-52E9-4024-8FB1-8FA768FDAD73}.Debug|Any CPU.ActiveCfg = Debug|Any CPU
		{BB9D4C0B-52E9-4024-8FB1-8FA768FDAD73}.Debug-SC7|Any CPU.ActiveCfg = Debug|Any CPU
		{BB9D4C0B-52E9-4024-8FB1-8FA768FDAD73}.Debug-SC7|Any CPU.Build.0 = Debug|Any CPU
		{BB9D4C0B-52E9-4024-8FB1-8FA768FDAD73}.Release|Any CPU.ActiveCfg = Release|Any CPU
		{BB9D4C0B-52E9-4024-8FB1-8FA768FDAD73}.Release|Any CPU.Build.0 = Release|Any CPU
		{D0D0D97F-508C-4894-BFAC-7DE090AC9E04}.Day1|Any CPU.ActiveCfg = Day1|Any CPU
		{D0D0D97F-508C-4894-BFAC-7DE090AC9E04}.Day1|Any CPU.Build.0 = Day1|Any CPU
		{D0D0D97F-508C-4894-BFAC-7DE090AC9E04}.Day1|Any CPU.Deploy.0 = Day1|Any CPU
		{D0D0D97F-508C-4894-BFAC-7DE090AC9E04}.Debug|Any CPU.ActiveCfg = Debug|Any CPU
		{D0D0D97F-508C-4894-BFAC-7DE090AC9E04}.Debug|Any CPU.Build.0 = Debug|Any CPU
		{D0D0D97F-508C-4894-BFAC-7DE090AC9E04}.Debug|Any CPU.Deploy.0 = Debug|Any CPU
		{D0D0D97F-508C-4894-BFAC-7DE090AC9E04}.Debug-SC7|Any CPU.ActiveCfg = Debug|Any CPU
		{D0D0D97F-508C-4894-BFAC-7DE090AC9E04}.Debug-SC7|Any CPU.Build.0 = Debug|Any CPU
		{D0D0D97F-508C-4894-BFAC-7DE090AC9E04}.Debug-SC7|Any CPU.Deploy.0 = Debug|Any CPU
		{D0D0D97F-508C-4894-BFAC-7DE090AC9E04}.Release|Any CPU.ActiveCfg = Release|Any CPU
		{D0D0D97F-508C-4894-BFAC-7DE090AC9E04}.Release|Any CPU.Build.0 = Release|Any CPU
		{D0D0D97F-508C-4894-BFAC-7DE090AC9E04}.Release|Any CPU.Deploy.0 = Release|Any CPU
		{414C7375-F563-49CB-A5B5-3AC35AE97D04}.Day1|Any CPU.ActiveCfg = Day1|Any CPU
		{414C7375-F563-49CB-A5B5-3AC35AE97D04}.Day1|Any CPU.Build.0 = Day1|Any CPU
		{414C7375-F563-49CB-A5B5-3AC35AE97D04}.Day1|Any CPU.Deploy.0 = Day1|Any CPU
		{414C7375-F563-49CB-A5B5-3AC35AE97D04}.Debug|Any CPU.ActiveCfg = Debug|Any CPU
		{414C7375-F563-49CB-A5B5-3AC35AE97D04}.Debug-SC7|Any CPU.ActiveCfg = Debug|Any CPU
		{414C7375-F563-49CB-A5B5-3AC35AE97D04}.Debug-SC7|Any CPU.Build.0 = Debug|Any CPU
		{414C7375-F563-49CB-A5B5-3AC35AE97D04}.Debug-SC7|Any CPU.Deploy.0 = Debug|Any CPU
		{414C7375-F563-49CB-A5B5-3AC35AE97D04}.Release|Any CPU.ActiveCfg = Release|Any CPU
		{414C7375-F563-49CB-A5B5-3AC35AE97D04}.Release|Any CPU.Build.0 = Release|Any CPU
		{414C7375-F563-49CB-A5B5-3AC35AE97D04}.Release|Any CPU.Deploy.0 = Release|Any CPU
		{A096D5F4-E4A2-43B5-86AA-A6988ADE732E}.Day1|Any CPU.ActiveCfg = Debug|Any CPU
		{A096D5F4-E4A2-43B5-86AA-A6988ADE732E}.Day1|Any CPU.Build.0 = Debug|Any CPU
		{A096D5F4-E4A2-43B5-86AA-A6988ADE732E}.Debug|Any CPU.ActiveCfg = Debug|Any CPU
		{A096D5F4-E4A2-43B5-86AA-A6988ADE732E}.Debug|Any CPU.Build.0 = Debug|Any CPU
		{A096D5F4-E4A2-43B5-86AA-A6988ADE732E}.Debug-SC7|Any CPU.ActiveCfg = Debug|Any CPU
		{A096D5F4-E4A2-43B5-86AA-A6988ADE732E}.Debug-SC7|Any CPU.Build.0 = Debug|Any CPU
		{A096D5F4-E4A2-43B5-86AA-A6988ADE732E}.Release|Any CPU.ActiveCfg = Release|Any CPU
		{A096D5F4-E4A2-43B5-86AA-A6988ADE732E}.Release|Any CPU.Build.0 = Release|Any CPU
		{B585A80A-E3DD-4140-970E-3DF1EE7159AD}.Day1|Any CPU.ActiveCfg = Day1|Any CPU
		{B585A80A-E3DD-4140-970E-3DF1EE7159AD}.Day1|Any CPU.Build.0 = Day1|Any CPU
		{B585A80A-E3DD-4140-970E-3DF1EE7159AD}.Day1|Any CPU.Deploy.0 = Day1|Any CPU
		{B585A80A-E3DD-4140-970E-3DF1EE7159AD}.Debug|Any CPU.ActiveCfg = Debug|Any CPU
		{B585A80A-E3DD-4140-970E-3DF1EE7159AD}.Debug|Any CPU.Build.0 = Debug|Any CPU
		{B585A80A-E3DD-4140-970E-3DF1EE7159AD}.Debug|Any CPU.Deploy.0 = Debug|Any CPU
		{B585A80A-E3DD-4140-970E-3DF1EE7159AD}.Debug-SC7|Any CPU.ActiveCfg = Debug|Any CPU
		{B585A80A-E3DD-4140-970E-3DF1EE7159AD}.Debug-SC7|Any CPU.Build.0 = Debug|Any CPU
		{B585A80A-E3DD-4140-970E-3DF1EE7159AD}.Debug-SC7|Any CPU.Deploy.0 = Debug|Any CPU
		{B585A80A-E3DD-4140-970E-3DF1EE7159AD}.Release|Any CPU.ActiveCfg = Release|Any CPU
		{B585A80A-E3DD-4140-970E-3DF1EE7159AD}.Release|Any CPU.Build.0 = Release|Any CPU
		{B585A80A-E3DD-4140-970E-3DF1EE7159AD}.Release|Any CPU.Deploy.0 = Release|Any CPU
		{7CFEC7DC-532B-410C-92C1-D45A4B3E7A0A}.Day1|Any CPU.ActiveCfg = Debug|Any CPU
		{7CFEC7DC-532B-410C-92C1-D45A4B3E7A0A}.Day1|Any CPU.Build.0 = Debug|Any CPU
		{7CFEC7DC-532B-410C-92C1-D45A4B3E7A0A}.Debug|Any CPU.ActiveCfg = Debug|Any CPU
		{7CFEC7DC-532B-410C-92C1-D45A4B3E7A0A}.Debug|Any CPU.Build.0 = Debug|Any CPU
		{7CFEC7DC-532B-410C-92C1-D45A4B3E7A0A}.Debug-SC7|Any CPU.ActiveCfg = Debug|Any CPU
		{7CFEC7DC-532B-410C-92C1-D45A4B3E7A0A}.Debug-SC7|Any CPU.Build.0 = Debug|Any CPU
		{7CFEC7DC-532B-410C-92C1-D45A4B3E7A0A}.Release|Any CPU.ActiveCfg = Release|Any CPU
		{7CFEC7DC-532B-410C-92C1-D45A4B3E7A0A}.Release|Any CPU.Build.0 = Release|Any CPU
		{F3DFADCE-6A3C-4FD8-8721-143C914D1E1D}.Day1|Any CPU.ActiveCfg = Day1|Any CPU
		{F3DFADCE-6A3C-4FD8-8721-143C914D1E1D}.Day1|Any CPU.Build.0 = Day1|Any CPU
		{F3DFADCE-6A3C-4FD8-8721-143C914D1E1D}.Day1|Any CPU.Deploy.0 = Day1|Any CPU
		{F3DFADCE-6A3C-4FD8-8721-143C914D1E1D}.Debug|Any CPU.ActiveCfg = Debug|Any CPU
		{F3DFADCE-6A3C-4FD8-8721-143C914D1E1D}.Debug|Any CPU.Build.0 = Debug|Any CPU
		{F3DFADCE-6A3C-4FD8-8721-143C914D1E1D}.Debug|Any CPU.Deploy.0 = Debug|Any CPU
		{F3DFADCE-6A3C-4FD8-8721-143C914D1E1D}.Debug-SC7|Any CPU.ActiveCfg = Debug|Any CPU
		{F3DFADCE-6A3C-4FD8-8721-143C914D1E1D}.Debug-SC7|Any CPU.Build.0 = Debug|Any CPU
		{F3DFADCE-6A3C-4FD8-8721-143C914D1E1D}.Debug-SC7|Any CPU.Deploy.0 = Debug|Any CPU
		{F3DFADCE-6A3C-4FD8-8721-143C914D1E1D}.Release|Any CPU.ActiveCfg = Release|Any CPU
		{F3DFADCE-6A3C-4FD8-8721-143C914D1E1D}.Release|Any CPU.Build.0 = Release|Any CPU
		{F3DFADCE-6A3C-4FD8-8721-143C914D1E1D}.Release|Any CPU.Deploy.0 = Release|Any CPU
		{17849E1F-8282-4DDD-A55D-03EEFADE28A4}.Day1|Any CPU.ActiveCfg = Debug|Any CPU
		{17849E1F-8282-4DDD-A55D-03EEFADE28A4}.Day1|Any CPU.Build.0 = Debug|Any CPU
		{17849E1F-8282-4DDD-A55D-03EEFADE28A4}.Debug|Any CPU.ActiveCfg = Debug|Any CPU
		{17849E1F-8282-4DDD-A55D-03EEFADE28A4}.Debug|Any CPU.Build.0 = Debug|Any CPU
		{17849E1F-8282-4DDD-A55D-03EEFADE28A4}.Debug-SC7|Any CPU.ActiveCfg = Debug|Any CPU
		{17849E1F-8282-4DDD-A55D-03EEFADE28A4}.Debug-SC7|Any CPU.Build.0 = Debug|Any CPU
		{17849E1F-8282-4DDD-A55D-03EEFADE28A4}.Release|Any CPU.ActiveCfg = Release|Any CPU
		{17849E1F-8282-4DDD-A55D-03EEFADE28A4}.Release|Any CPU.Build.0 = Release|Any CPU
		{322A4075-14E8-40DE-99D6-7DF9286F12E4}.Day1|Any CPU.ActiveCfg = Day1|Any CPU
		{322A4075-14E8-40DE-99D6-7DF9286F12E4}.Day1|Any CPU.Build.0 = Day1|Any CPU
		{322A4075-14E8-40DE-99D6-7DF9286F12E4}.Day1|Any CPU.Deploy.0 = Day1|Any CPU
		{322A4075-14E8-40DE-99D6-7DF9286F12E4}.Debug|Any CPU.ActiveCfg = Debug|Any CPU
		{322A4075-14E8-40DE-99D6-7DF9286F12E4}.Debug|Any CPU.Build.0 = Debug|Any CPU
		{322A4075-14E8-40DE-99D6-7DF9286F12E4}.Debug|Any CPU.Deploy.0 = Debug|Any CPU
		{322A4075-14E8-40DE-99D6-7DF9286F12E4}.Debug-SC7|Any CPU.ActiveCfg = Debug|Any CPU
		{322A4075-14E8-40DE-99D6-7DF9286F12E4}.Debug-SC7|Any CPU.Build.0 = Debug|Any CPU
		{322A4075-14E8-40DE-99D6-7DF9286F12E4}.Debug-SC7|Any CPU.Deploy.0 = Debug|Any CPU
		{322A4075-14E8-40DE-99D6-7DF9286F12E4}.Release|Any CPU.ActiveCfg = Release|Any CPU
		{322A4075-14E8-40DE-99D6-7DF9286F12E4}.Release|Any CPU.Build.0 = Release|Any CPU
		{322A4075-14E8-40DE-99D6-7DF9286F12E4}.Release|Any CPU.Deploy.0 = Release|Any CPU
		{B7364553-A1B7-4D63-AFD4-411C8F065894}.Day1|Any CPU.ActiveCfg = Debug|Any CPU
		{B7364553-A1B7-4D63-AFD4-411C8F065894}.Day1|Any CPU.Build.0 = Debug|Any CPU
		{B7364553-A1B7-4D63-AFD4-411C8F065894}.Debug|Any CPU.ActiveCfg = Debug|Any CPU
		{B7364553-A1B7-4D63-AFD4-411C8F065894}.Debug|Any CPU.Build.0 = Debug|Any CPU
		{B7364553-A1B7-4D63-AFD4-411C8F065894}.Debug-SC7|Any CPU.ActiveCfg = Debug|Any CPU
		{B7364553-A1B7-4D63-AFD4-411C8F065894}.Debug-SC7|Any CPU.Build.0 = Debug|Any CPU
		{B7364553-A1B7-4D63-AFD4-411C8F065894}.Release|Any CPU.ActiveCfg = Release|Any CPU
		{B7364553-A1B7-4D63-AFD4-411C8F065894}.Release|Any CPU.Build.0 = Release|Any CPU
		{C3F871B7-8707-45B9-88B0-AD0A67703316}.Day1|Any CPU.ActiveCfg = Day1|Any CPU
		{C3F871B7-8707-45B9-88B0-AD0A67703316}.Day1|Any CPU.Build.0 = Day1|Any CPU
		{C3F871B7-8707-45B9-88B0-AD0A67703316}.Day1|Any CPU.Deploy.0 = Day1|Any CPU
		{C3F871B7-8707-45B9-88B0-AD0A67703316}.Debug|Any CPU.ActiveCfg = Debug|Any CPU
		{C3F871B7-8707-45B9-88B0-AD0A67703316}.Debug|Any CPU.Build.0 = Debug|Any CPU
		{C3F871B7-8707-45B9-88B0-AD0A67703316}.Debug|Any CPU.Deploy.0 = Debug|Any CPU
		{C3F871B7-8707-45B9-88B0-AD0A67703316}.Debug-SC7|Any CPU.ActiveCfg = Debug|Any CPU
		{C3F871B7-8707-45B9-88B0-AD0A67703316}.Debug-SC7|Any CPU.Build.0 = Debug|Any CPU
		{C3F871B7-8707-45B9-88B0-AD0A67703316}.Debug-SC7|Any CPU.Deploy.0 = Debug|Any CPU
		{C3F871B7-8707-45B9-88B0-AD0A67703316}.Release|Any CPU.ActiveCfg = Release|Any CPU
		{C3F871B7-8707-45B9-88B0-AD0A67703316}.Release|Any CPU.Build.0 = Release|Any CPU
		{C3F871B7-8707-45B9-88B0-AD0A67703316}.Release|Any CPU.Deploy.0 = Release|Any CPU
	EndGlobalSection
	GlobalSection(SolutionProperties) = preSolution
		HideSolutionNode = FALSE
	EndGlobalSection
EndGlobal
